Microsoft Visual Studio Solution File, Format Version 11.00
# Visual C++ Express 2010
Project("{8BC9CEB8-8B4A-11D0-8D11-00A0C91BC942}") = "ZAP", "zap\ZAP.vcxproj", "{F1A0916C-3232-4C2E-B52B-368955AA4C62}"
EndProject
Project("{8BC9CEB8-8B4A-11D0-8D11-00A0C91BC942}") = "libtomcrypt", "libtomcrypt\libtomcrypt.vcxproj", "{3F7F7B79-4473-4CAB-A54E-4274A9F1A01A}"
EndProject
Project("{8BC9CEB8-8B4A-11D0-8D11-00A0C91BC942}") = "Master Server", "master\Master Server.vcxproj", "{F26E9053-B4DE-4E20-B86C-E1E3325484D7}"
EndProject
Project("{8BC9CEB8-8B4A-11D0-8D11-00A0C91BC942}") = "tnl", "tnl\tnl.vcxproj", "{5AAE89B5-1F53-4539-9899-071E68FD9A29}"
EndProject
Project("{8BC9CEB8-8B4A-11D0-8D11-00A0C91BC942}") = "lua-vec", "lua\lua-vec\lua-vec.vcxproj", "{9D7B0AAD-B135-449D-8E12-1ED548AC1048}"
EndProject
Global
	GlobalSection(SolutionConfigurationPlatforms) = preSolution
		Debug|Win32 = Debug|Win32
		Release|Win32 = Release|Win32
	EndGlobalSection
	GlobalSection(ProjectConfigurationPlatforms) = postSolution
		{F1A0916C-3232-4C2E-B52B-368955AA4C62}.Debug|Win32.ActiveCfg = Debug|Win32
		{F1A0916C-3232-4C2E-B52B-368955AA4C62}.Debug|Win32.Build.0 = Debug|Win32
		{F1A0916C-3232-4C2E-B52B-368955AA4C62}.Release|Win32.ActiveCfg = Release|Win32
		{F1A0916C-3232-4C2E-B52B-368955AA4C62}.Release|Win32.Build.0 = Release|Win32
		{3F7F7B79-4473-4CAB-A54E-4274A9F1A01A}.Debug|Win32.ActiveCfg = Debug|Win32
		{3F7F7B79-4473-4CAB-A54E-4274A9F1A01A}.Debug|Win32.Build.0 = Debug|Win32
		{3F7F7B79-4473-4CAB-A54E-4274A9F1A01A}.Release|Win32.ActiveCfg = Release|Win32
		{3F7F7B79-4473-4CAB-A54E-4274A9F1A01A}.Release|Win32.Build.0 = Release|Win32
		{F26E9053-B4DE-4E20-B86C-E1E3325484D7}.Debug|Win32.ActiveCfg = Debug|Win32
		{F26E9053-B4DE-4E20-B86C-E1E3325484D7}.Debug|Win32.Build.0 = Debug|Win32
		{F26E9053-B4DE-4E20-B86C-E1E3325484D7}.Release|Win32.ActiveCfg = Release|Win32
		{F26E9053-B4DE-4E20-B86C-E1E3325484D7}.Release|Win32.Build.0 = Release|Win32
		{5AAE89B5-1F53-4539-9899-071E68FD9A29}.Debug|Win32.ActiveCfg = Debug|Win32
		{5AAE89B5-1F53-4539-9899-071E68FD9A29}.Debug|Win32.Build.0 = Debug|Win32
		{5AAE89B5-1F53-4539-9899-071E68FD9A29}.Release|Win32.ActiveCfg = Release|Win32
		{5AAE89B5-1F53-4539-9899-071E68FD9A29}.Release|Win32.Build.0 = Release|Win32
		{9D7B0AAD-B135-449D-8E12-1ED548AC1048}.Debug|Win32.ActiveCfg = Debug|Win32
		{9D7B0AAD-B135-449D-8E12-1ED548AC1048}.Debug|Win32.Build.0 = Debug|Win32
		{9D7B0AAD-B135-449D-8E12-1ED548AC1048}.Release|Win32.ActiveCfg = Release|Win32
		{9D7B0AAD-B135-449D-8E12-1ED548AC1048}.Release|Win32.Build.0 = Release|Win32
	EndGlobalSection
	GlobalSection(SolutionProperties) = preSolution
		HideSolutionNode = FALSE
	EndGlobalSection
EndGlobal
