// !$*UTF8*$!
{
	archiveVersion = 1;
	classes = {
	};
	objectVersion = 42;
	objects = {

/* Begin PBXBuildFile section */
		8D07F2C00486CC7A007CD1D0 /* InfoPlist.strings in Resources */ = {isa = PBXBuildFile; fileRef = 089C1666FE841158C02AAC07 /* InfoPlist.strings */; };
		94EB402F0DDEF6AA0040A389 /* alutBufferData.c in Sources */ = {isa = PBXBuildFile; fileRef = 94EB40250DDEF6AA0040A389 /* alutBufferData.c */; };
		94EB40300DDEF6AA0040A389 /* alutCodec.c in Sources */ = {isa = PBXBuildFile; fileRef = 94EB40260DDEF6AA0040A389 /* alutCodec.c */; };
		94EB40310DDEF6AA0040A389 /* alutError.c in Sources */ = {isa = PBXBuildFile; fileRef = 94EB40270DDEF6AA0040A389 /* alutError.c */; };
		94EB40320DDEF6AA0040A389 /* alutInit.c in Sources */ = {isa = PBXBuildFile; fileRef = 94EB40280DDEF6AA0040A389 /* alutInit.c */; };
		94EB40330DDEF6AA0040A389 /* alutInputStream.c in Sources */ = {isa = PBXBuildFile; fileRef = 94EB40290DDEF6AA0040A389 /* alutInputStream.c */; };
		94EB40340DDEF6AA0040A389 /* alutLoader.c in Sources */ = {isa = PBXBuildFile; fileRef = 94EB402A0DDEF6AA0040A389 /* alutLoader.c */; };
		94EB40350DDEF6AA0040A389 /* alutOutputStream.c in Sources */ = {isa = PBXBuildFile; fileRef = 94EB402B0DDEF6AA0040A389 /* alutOutputStream.c */; };
		94EB40360DDEF6AA0040A389 /* alutUtil.c in Sources */ = {isa = PBXBuildFile; fileRef = 94EB402C0DDEF6AA0040A389 /* alutUtil.c */; };
		94EB40370DDEF6AA0040A389 /* alutVersion.c in Sources */ = {isa = PBXBuildFile; fileRef = 94EB402D0DDEF6AA0040A389 /* alutVersion.c */; };
		94EB40380DDEF6AA0040A389 /* alutWaveform.c in Sources */ = {isa = PBXBuildFile; fileRef = 94EB402E0DDEF6AA0040A389 /* alutWaveform.c */; };
		94EB403D0DDEF6D00040A389 /* OpenAL.framework in Frameworks */ = {isa = PBXBuildFile; fileRef = 94EB403C0DDEF6D00040A389 /* OpenAL.framework */; };
		94EB40660DDEF8560040A389 /* alut.h in Headers */ = {isa = PBXBuildFile; fileRef = 94EB40650DDEF8560040A389 /* alut.h */; settings = {ATTRIBUTES = (Public, ); }; };
/* End PBXBuildFile section */

/* Begin PBXFileReference section */
		089C1667FE841158C02AAC07 /* English */ = {isa = PBXFileReference; fileEncoding = 10; lastKnownFileType = text.plist.strings; name = English; path = English.lproj/InfoPlist.strings; sourceTree = "<group>"; };
		08FB77AAFE841565C02AAC07 /* Carbon.framework */ = {isa = PBXFileReference; lastKnownFileType = wrapper.framework; name = Carbon.framework; path = /System/Library/Frameworks/Carbon.framework; sourceTree = "<absolute>"; };
		32BAE0B70371A74B00C91783 /* ALUT_Prefix.pch */ = {isa = PBXFileReference; fileEncoding = 4; lastKnownFileType = sourcecode.c.h; path = ALUT_Prefix.pch; sourceTree = "<group>"; };
		8D07F2C70486CC7A007CD1D0 /* Info.plist */ = {isa = PBXFileReference; fileEncoding = 4; lastKnownFileType = text.plist; path = Info.plist; sourceTree = "<group>"; };
		8D07F2C80486CC7A007CD1D0 /* ALUT.framework */ = {isa = PBXFileReference; explicitFileType = wrapper.framework; includeInIndex = 0; path = ALUT.framework; sourceTree = BUILT_PRODUCTS_DIR; };
		94EB40250DDEF6AA0040A389 /* alutBufferData.c */ = {isa = PBXFileReference; fileEncoding = 4; lastKnownFileType = sourcecode.c.c; path = alutBufferData.c; sourceTree = "<group>"; };
		94EB40260DDEF6AA0040A389 /* alutCodec.c */ = {isa = PBXFileReference; fileEncoding = 4; lastKnownFileType = sourcecode.c.c; path = alutCodec.c; sourceTree = "<group>"; };
		94EB40270DDEF6AA0040A389 /* alutError.c */ = {isa = PBXFileReference; fileEncoding = 4; lastKnownFileType = sourcecode.c.c; path = alutError.c; sourceTree = "<group>"; };
		94EB40280DDEF6AA0040A389 /* alutInit.c */ = {isa = PBXFileReference; fileEncoding = 4; lastKnownFileType = sourcecode.c.c; path = alutInit.c; sourceTree = "<group>"; };
		94EB40290DDEF6AA0040A389 /* alutInputStream.c */ = {isa = PBXFileReference; fileEncoding = 4; lastKnownFileType = sourcecode.c.c; path = alutInputStream.c; sourceTree = "<group>"; };
		94EB402A0DDEF6AA0040A389 /* alutLoader.c */ = {isa = PBXFileReference; fileEncoding = 4; lastKnownFileType = sourcecode.c.c; path = alutLoader.c; sourceTree = "<group>"; };
		94EB402B0DDEF6AA0040A389 /* alutOutputStream.c */ = {isa = PBXFileReference; fileEncoding = 4; lastKnownFileType = sourcecode.c.c; path = alutOutputStream.c; sourceTree = "<group>"; };
		94EB402C0DDEF6AA0040A389 /* alutUtil.c */ = {isa = PBXFileReference; fileEncoding = 4; lastKnownFileType = sourcecode.c.c; path = alutUtil.c; sourceTree = "<group>"; };
		94EB402D0DDEF6AA0040A389 /* alutVersion.c */ = {isa = PBXFileReference; fileEncoding = 4; lastKnownFileType = sourcecode.c.c; path = alutVersion.c; sourceTree = "<group>"; };
		94EB402E0DDEF6AA0040A389 /* alutWaveform.c */ = {isa = PBXFileReference; fileEncoding = 4; lastKnownFileType = sourcecode.c.c; path = alutWaveform.c; sourceTree = "<group>"; };
		94EB403C0DDEF6D00040A389 /* OpenAL.framework */ = {isa = PBXFileReference; lastKnownFileType = wrapper.framework; name = OpenAL.framework; path = /System/Library/Frameworks/OpenAL.framework; sourceTree = "<absolute>"; };
		94EB40650DDEF8560040A389 /* alut.h */ = {isa = PBXFileReference; fileEncoding = 4; lastKnownFileType = sourcecode.c.h; path = alut.h; sourceTree = "<group>"; };
/* End PBXFileReference section */

/* Begin PBXFrameworksBuildPhase section */
		8D07F2C30486CC7A007CD1D0 /* Frameworks */ = {
			isa = PBXFrameworksBuildPhase;
			buildActionMask = 2147483647;
			files = (
				94EB403D0DDEF6D00040A389 /* OpenAL.framework in Frameworks */,
			);
			runOnlyForDeploymentPostprocessing = 0;
		};
/* End PBXFrameworksBuildPhase section */

/* Begin PBXGroup section */
		034768DDFF38A45A11DB9C8B /* Products */ = {
			isa = PBXGroup;
			children = (
				8D07F2C80486CC7A007CD1D0 /* ALUT.framework */,
			);
			name = Products;
			sourceTree = "<group>";
		};
		0867D691FE84028FC02AAC07 /* ALUT */ = {
			isa = PBXGroup;
			children = (
				08FB77ACFE841707C02AAC07 /* Source */,
				089C1665FE841158C02AAC07 /* Resources */,
				0867D69AFE84028FC02AAC07 /* External Frameworks and Libraries */,
				034768DDFF38A45A11DB9C8B /* Products */,
			);
			name = ALUT;
			sourceTree = "<group>";
		};
		0867D69AFE84028FC02AAC07 /* External Frameworks and Libraries */ = {
			isa = PBXGroup;
			children = (
				94EB403C0DDEF6D00040A389 /* OpenAL.framework */,
				08FB77AAFE841565C02AAC07 /* Carbon.framework */,
			);
			name = "External Frameworks and Libraries";
			sourceTree = "<group>";
		};
		089C1665FE841158C02AAC07 /* Resources */ = {
			isa = PBXGroup;
			children = (
				8D07F2C70486CC7A007CD1D0 /* Info.plist */,
				089C1666FE841158C02AAC07 /* InfoPlist.strings */,
			);
			name = Resources;
			sourceTree = "<group>";
		};
		08FB77ACFE841707C02AAC07 /* Source */ = {
			isa = PBXGroup;
			children = (
				94EB40650DDEF8560040A389 /* alut.h */,
				94EB40250DDEF6AA0040A389 /* alutBufferData.c */,
				94EB40260DDEF6AA0040A389 /* alutCodec.c */,
				94EB40270DDEF6AA0040A389 /* alutError.c */,
				94EB40280DDEF6AA0040A389 /* alutInit.c */,
				94EB40290DDEF6AA0040A389 /* alutInputStream.c */,
				94EB402A0DDEF6AA0040A389 /* alutLoader.c */,
				94EB402B0DDEF6AA0040A389 /* alutOutputStream.c */,
				94EB402C0DDEF6AA0040A389 /* alutUtil.c */,
				94EB402D0DDEF6AA0040A389 /* alutVersion.c */,
				94EB402E0DDEF6AA0040A389 /* alutWaveform.c */,
				32BAE0B70371A74B00C91783 /* ALUT_Prefix.pch */,
			);
			name = Source;
			sourceTree = "<group>";
		};
/* End PBXGroup section */

/* Begin PBXHeadersBuildPhase section */
		8D07F2BD0486CC7A007CD1D0 /* Headers */ = {
			isa = PBXHeadersBuildPhase;
			buildActionMask = 2147483647;
			files = (
				94EB40660DDEF8560040A389 /* alut.h in Headers */,
			);
			runOnlyForDeploymentPostprocessing = 0;
		};
/* End PBXHeadersBuildPhase section */

/* Begin PBXNativeTarget section */
		8D07F2BC0486CC7A007CD1D0 /* ALUT */ = {
			isa = PBXNativeTarget;
			buildConfigurationList = 4FADC24208B4156D00ABE55E /* Build configuration list for PBXNativeTarget "ALUT" */;
			buildPhases = (
				8D07F2BD0486CC7A007CD1D0 /* Headers */,
				8D07F2BF0486CC7A007CD1D0 /* Resources */,
				8D07F2C10486CC7A007CD1D0 /* Sources */,
				8D07F2C30486CC7A007CD1D0 /* Frameworks */,
				8D07F2C50486CC7A007CD1D0 /* Rez */,
			);
			buildRules = (
			);
			dependencies = (
			);
			name = ALUT;
			productInstallPath = "$(HOME)/Library/Frameworks";
			productName = ALUT;
			productReference = 8D07F2C80486CC7A007CD1D0 /* ALUT.framework */;
			productType = "com.apple.product-type.framework";
		};
/* End PBXNativeTarget section */

/* Begin PBXProject section */
		0867D690FE84028FC02AAC07 /* Project object */ = {
			isa = PBXProject;
			buildConfigurationList = 4FADC24608B4156D00ABE55E /* Build configuration list for PBXProject "ALUT" */;
			compatibilityVersion = "Xcode 2.4";
			hasScannedForEncodings = 1;
			mainGroup = 0867D691FE84028FC02AAC07 /* ALUT */;
			productRefGroup = 034768DDFF38A45A11DB9C8B /* Products */;
			projectDirPath = "";
			projectRoot = "";
			targets = (
				8D07F2BC0486CC7A007CD1D0 /* ALUT */,
			);
		};
/* End PBXProject section */

/* Begin PBXResourcesBuildPhase section */
		8D07F2BF0486CC7A007CD1D0 /* Resources */ = {
			isa = PBXResourcesBuildPhase;
			buildActionMask = 2147483647;
			files = (
				8D07F2C00486CC7A007CD1D0 /* InfoPlist.strings in Resources */,
			);
			runOnlyForDeploymentPostprocessing = 0;
		};
/* End PBXResourcesBuildPhase section */

/* Begin PBXRezBuildPhase section */
		8D07F2C50486CC7A007CD1D0 /* Rez */ = {
			isa = PBXRezBuildPhase;
			buildActionMask = 2147483647;
			files = (
			);
			runOnlyForDeploymentPostprocessing = 0;
		};
/* End PBXRezBuildPhase section */

/* Begin PBXSourcesBuildPhase section */
		8D07F2C10486CC7A007CD1D0 /* Sources */ = {
			isa = PBXSourcesBuildPhase;
			buildActionMask = 2147483647;
			files = (
				94EB402F0DDEF6AA0040A389 /* alutBufferData.c in Sources */,
				94EB40300DDEF6AA0040A389 /* alutCodec.c in Sources */,
				94EB40310DDEF6AA0040A389 /* alutError.c in Sources */,
				94EB40320DDEF6AA0040A389 /* alutInit.c in Sources */,
				94EB40330DDEF6AA0040A389 /* alutInputStream.c in Sources */,
				94EB40340DDEF6AA0040A389 /* alutLoader.c in Sources */,
				94EB40350DDEF6AA0040A389 /* alutOutputStream.c in Sources */,
				94EB40360DDEF6AA0040A389 /* alutUtil.c in Sources */,
				94EB40370DDEF6AA0040A389 /* alutVersion.c in Sources */,
				94EB40380DDEF6AA0040A389 /* alutWaveform.c in Sources */,
			);
			runOnlyForDeploymentPostprocessing = 0;
		};
/* End PBXSourcesBuildPhase section */

/* Begin PBXVariantGroup section */
		089C1666FE841158C02AAC07 /* InfoPlist.strings */ = {
			isa = PBXVariantGroup;
			children = (
				089C1667FE841158C02AAC07 /* English */,
			);
			name = InfoPlist.strings;
			sourceTree = "<group>";
		};
/* End PBXVariantGroup section */

/* Begin XCBuildConfiguration section */
		4FADC24308B4156D00ABE55E /* Debug */ = {
			isa = XCBuildConfiguration;
			buildSettings = {
				COPY_PHASE_STRIP = NO;
				DYLIB_COMPATIBILITY_VERSION = 1;
				DYLIB_CURRENT_VERSION = 1;
				FRAMEWORK_VERSION = A;
				GCC_DYNAMIC_NO_PIC = NO;
				GCC_ENABLE_FIX_AND_CONTINUE = YES;
				GCC_MODEL_TUNING = G5;
				GCC_OPTIMIZATION_LEVEL = 0;
				GCC_PRECOMPILE_PREFIX_HEADER = YES;
				GCC_PREFIX_HEADER = ALUT_Prefix.pch;
				INFOPLIST_FILE = Info.plist;
				INSTALL_PATH = "@executable_path/../Frameworks";
				LIBRARY_STYLE = DYNAMIC;
				MACH_O_TYPE = mh_dylib;
				PRODUCT_NAME = ALUT;
				WRAPPER_EXTENSION = framework;
				ZERO_LINK = YES;
			};
			name = Debug;
		};
		4FADC24408B4156D00ABE55E /* Release */ = {
			isa = XCBuildConfiguration;
			buildSettings = {
				ARCHS = (
					ppc,
					i386,
				);
				DEBUG_INFORMATION_FORMAT = "dwarf-with-dsym";
				DYLIB_COMPATIBILITY_VERSION = 1;
				DYLIB_CURRENT_VERSION = 1;
				FRAMEWORK_VERSION = A;
				GCC_MODEL_TUNING = G5;
				GCC_PRECOMPILE_PREFIX_HEADER = YES;
				GCC_PREFIX_HEADER = ALUT_Prefix.pch;
				INFOPLIST_FILE = Info.plist;
				INSTALL_PATH = "@executable_path/../Frameworks";
				LIBRARY_STYLE = DYNAMIC;
				MACH_O_TYPE = mh_dylib;
				PRODUCT_NAME = ALUT;
				WRAPPER_EXTENSION = framework;
			};
			name = Release;
		};
		4FADC24708B4156D00ABE55E /* Debug */ = {
			isa = XCBuildConfiguration;
			buildSettings = {
				GCC_PREPROCESSOR_DEFINITIONS = (
					HAVE_TIME_H,
					HAVE_NANOSLEEP,
					HAVE_UNISTD_H,
					HAVE_STAT,
					HAVE_STDINT_H,
				);
				GCC_WARN_ABOUT_RETURN_TYPE = YES;
				GCC_WARN_UNUSED_VARIABLE = YES;
				INSTALL_PATH = "@executable_path/../Frameworks";
				PREBINDING = NO;
				SDKROOT = /Developer/SDKs/MacOSX10.4u.sdk;
			};
			name = Debug;
		};
		4FADC24808B4156D00ABE55E /* Release */ = {
			isa = XCBuildConfiguration;
			buildSettings = {
				GCC_PREPROCESSOR_DEFINITIONS = (
					HAVE_TIME_H,
					HAVE_NANOSLEEP,
					HAVE_UNISTD_H,
					HAVE_STAT,
					HAVE_STDINT_H,
				);
				GCC_WARN_ABOUT_RETURN_TYPE = YES;
				GCC_WARN_UNUSED_VARIABLE = YES;
				INSTALL_PATH = "@executable_path/../Frameworks";
				PREBINDING = NO;
				SDKROOT = /Developer/SDKs/MacOSX10.4u.sdk;
			};
			name = Release;
		};
/* End XCBuildConfiguration section */

/* Begin XCConfigurationList section */
		4FADC24208B4156D00ABE55E /* Build configuration list for PBXNativeTarget "ALUT" */ = {
			isa = XCConfigurationList;
			buildConfigurations = (
				4FADC24308B4156D00ABE55E /* Debug */,
				4FADC24408B4156D00ABE55E /* Release */,
			);
			defaultConfigurationIsVisible = 0;
			defaultConfigurationName = Release;
		};
		4FADC24608B4156D00ABE55E /* Build configuration list for PBXProject "ALUT" */ = {
			isa = XCConfigurationList;
			buildConfigurations = (
				4FADC24708B4156D00ABE55E /* Debug */,
				4FADC24808B4156D00ABE55E /* Release */,
			);
			defaultConfigurationIsVisible = 0;
			defaultConfigurationName = Release;
		};
/* End XCConfigurationList section */
	};
	rootObject = 0867D690FE84028FC02AAC07 /* Project object */;
}
