// !$*UTF8*$!
{
	archiveVersion = 1;
	classes = {
	};
	objectVersion = 42;
	objects = {

/* Begin PBXBuildFile section */
		8D0C4E8D0486CD37000505A6 /* InfoPlist.strings in Resources */ = {isa = PBXBuildFile; fileRef = 0867D6AAFE840B52C02AAC07 /* InfoPlist.strings */; };
		8D0C4E8E0486CD37000505A6 /* main.nib in Resources */ = {isa = PBXBuildFile; fileRef = 02345980000FD03B11CA0E72 /* main.nib */; };
		8D0C4E920486CD37000505A6 /* Carbon.framework in Frameworks */ = {isa = PBXBuildFile; fileRef = 20286C33FDCF999611CA2CEA /* Carbon.framework */; };
		9418DBB70DFAE4D300518C14 /* ALUT.framework in Frameworks */ = {isa = PBXBuildFile; fileRef = 9418DBB60DFAE4D300518C14 /* ALUT.framework */; };
		9418DBBA0DFAE4D900518C14 /* ALUT.framework in CopyFiles */ = {isa = PBXBuildFile; fileRef = 9418DBB60DFAE4D300518C14 /* ALUT.framework */; };
		9418DBC30DFAE56700518C14 /* Directory.mm in Sources */ = {isa = PBXBuildFile; fileRef = 9418DBC20DFAE56700518C14 /* Directory.mm */; };
		9418DBD20DFAE61C00518C14 /* Cocoa.framework in Frameworks */ = {isa = PBXBuildFile; fileRef = 9418DBD10DFAE61C00518C14 /* Cocoa.framework */; };
		941E935A0DDF0B2600621981 /* barrier.cpp in Sources */ = {isa = PBXBuildFile; fileRef = 941E93150DDF0B2600621981 /* barrier.cpp */; };
		941E935B0DDF0B2600621981 /* config.cpp in Sources */ = {isa = PBXBuildFile; fileRef = 941E93160DDF0B2600621981 /* config.cpp */; };
		941E935C0DDF0B2600621981 /* controlObjectConnection.cpp in Sources */ = {isa = PBXBuildFile; fileRef = 941E93170DDF0B2600621981 /* controlObjectConnection.cpp */; };
		941E935D0DDF0B2600621981 /* CTFGame.cpp in Sources */ = {isa = PBXBuildFile; fileRef = 941E93180DDF0B2600621981 /* CTFGame.cpp */; };
		941E935E0DDF0B2600621981 /* engineeredObjects.cpp in Sources */ = {isa = PBXBuildFile; fileRef = 941E93190DDF0B2600621981 /* engineeredObjects.cpp */; };
		941E935F0DDF0B2600621981 /* flagItem.cpp in Sources */ = {isa = PBXBuildFile; fileRef = 941E931A0DDF0B2600621981 /* flagItem.cpp */; };
		941E93620DDF0B2600621981 /* game.cpp in Sources */ = {isa = PBXBuildFile; fileRef = 941E931D0DDF0B2600621981 /* game.cpp */; };
		941E93630DDF0B2600621981 /* gameConnection.cpp in Sources */ = {isa = PBXBuildFile; fileRef = 941E931E0DDF0B2600621981 /* gameConnection.cpp */; };
		941E93640DDF0B2600621981 /* gameItems.cpp in Sources */ = {isa = PBXBuildFile; fileRef = 941E931F0DDF0B2600621981 /* gameItems.cpp */; };
		941E93650DDF0B2600621981 /* gameLoader.cpp in Sources */ = {isa = PBXBuildFile; fileRef = 941E93200DDF0B2600621981 /* gameLoader.cpp */; };
		941E93660DDF0B2600621981 /* gameNetInterface.cpp in Sources */ = {isa = PBXBuildFile; fileRef = 941E93210DDF0B2600621981 /* gameNetInterface.cpp */; };
		941E93670DDF0B2600621981 /* gameObject.cpp in Sources */ = {isa = PBXBuildFile; fileRef = 941E93220DDF0B2600621981 /* gameObject.cpp */; };
		941E93680DDF0B2600621981 /* gameObjectRender.cpp in Sources */ = {isa = PBXBuildFile; fileRef = 941E93230DDF0B2600621981 /* gameObjectRender.cpp */; };
		941E93690DDF0B2600621981 /* gameType.cpp in Sources */ = {isa = PBXBuildFile; fileRef = 941E93240DDF0B2600621981 /* gameType.cpp */; };
		941E936A0DDF0B2600621981 /* gameWeapons.cpp in Sources */ = {isa = PBXBuildFile; fileRef = 941E93250DDF0B2600621981 /* gameWeapons.cpp */; };
		941E936B0DDF0B2600621981 /* goalZone.cpp in Sources */ = {isa = PBXBuildFile; fileRef = 941E93260DDF0B2600621981 /* goalZone.cpp */; };
		941E936C0DDF0B2600621981 /* gridDB.cpp in Sources */ = {isa = PBXBuildFile; fileRef = 941E93270DDF0B2600621981 /* gridDB.cpp */; };
		941E936D0DDF0B2600621981 /* gsm_decode.c in Sources */ = {isa = PBXBuildFile; fileRef = 941E93280DDF0B2600621981 /* gsm_decode.c */; };
		941E936E0DDF0B2600621981 /* gsm_encode.c in Sources */ = {isa = PBXBuildFile; fileRef = 941E93290DDF0B2600621981 /* gsm_encode.c */; };
		941E936F0DDF0B2600621981 /* gsm_state.c in Sources */ = {isa = PBXBuildFile; fileRef = 941E932A0DDF0B2600621981 /* gsm_state.c */; };
		941E93700DDF0B2600621981 /* HTFGame.cpp in Sources */ = {isa = PBXBuildFile; fileRef = 941E932B0DDF0B2600621981 /* HTFGame.cpp */; };
		941E93710DDF0B2600621981 /* huntersGame.cpp in Sources */ = {isa = PBXBuildFile; fileRef = 941E932C0DDF0B2600621981 /* huntersGame.cpp */; };
		941E93720DDF0B2600621981 /* IniFile.cpp in Sources */ = {isa = PBXBuildFile; fileRef = 941E932D0DDF0B2600621981 /* IniFile.cpp */; };
		941E93730DDF0B2600621981 /* input.cpp in Sources */ = {isa = PBXBuildFile; fileRef = 941E932E0DDF0B2600621981 /* input.cpp */; };
		941E93740DDF0B2600621981 /* item.cpp in Sources */ = {isa = PBXBuildFile; fileRef = 941E932F0DDF0B2600621981 /* item.cpp */; };
		941E93750DDF0B2600621981 /* keyCode.cpp in Sources */ = {isa = PBXBuildFile; fileRef = 941E93300DDF0B2600621981 /* keyCode.cpp */; };
		941E93760DDF0B2600621981 /* loadoutSelect.cpp in Sources */ = {isa = PBXBuildFile; fileRef = 941E93310DDF0B2600621981 /* loadoutSelect.cpp */; };
		941E93770DDF0B2600621981 /* LoadoutZone.cpp in Sources */ = {isa = PBXBuildFile; fileRef = 941E93320DDF0B2600621981 /* LoadoutZone.cpp */; };
		941E93780DDF0B2600621981 /* lpc10dec.c in Sources */ = {isa = PBXBuildFile; fileRef = 941E93330DDF0B2600621981 /* lpc10dec.c */; };
		941E93790DDF0B2600621981 /* lpc10enc.c in Sources */ = {isa = PBXBuildFile; fileRef = 941E93340DDF0B2600621981 /* lpc10enc.c */; };
		941E937A0DDF0B2600621981 /* main.cpp in Sources */ = {isa = PBXBuildFile; fileRef = 941E93350DDF0B2600621981 /* main.cpp */; };
		941E937B0DDF0B2600621981 /* masterConnection.cpp in Sources */ = {isa = PBXBuildFile; fileRef = 941E93360DDF0B2600621981 /* masterConnection.cpp */; };
		941E937C0DDF0B2600621981 /* move.cpp in Sources */ = {isa = PBXBuildFile; fileRef = 941E93370DDF0B2600621981 /* move.cpp */; };
		941E937D0DDF0B2600621981 /* moveObject.cpp in Sources */ = {isa = PBXBuildFile; fileRef = 941E93380DDF0B2600621981 /* moveObject.cpp */; };
		941E937E0DDF0B2600621981 /* osxInput.cpp in Sources */ = {isa = PBXBuildFile; fileRef = 941E93390DDF0B2600621981 /* osxInput.cpp */; };
		941E937F0DDF0B2600621981 /* projectile.cpp in Sources */ = {isa = PBXBuildFile; fileRef = 941E933A0DDF0B2600621981 /* projectile.cpp */; };
		941E93800DDF0B2600621981 /* quickChat.cpp in Sources */ = {isa = PBXBuildFile; fileRef = 941E933B0DDF0B2600621981 /* quickChat.cpp */; };
		941E93810DDF0B2600621981 /* rabbitGame.cpp in Sources */ = {isa = PBXBuildFile; fileRef = 941E933C0DDF0B2600621981 /* rabbitGame.cpp */; };
		941E93820DDF0B2600621981 /* retrieveGame.cpp in Sources */ = {isa = PBXBuildFile; fileRef = 941E933D0DDF0B2600621981 /* retrieveGame.cpp */; };
		941E93830DDF0B2600621981 /* sfx.cpp in Sources */ = {isa = PBXBuildFile; fileRef = 941E933E0DDF0B2600621981 /* sfx.cpp */; };
		941E93840DDF0B2600621981 /* ship.cpp in Sources */ = {isa = PBXBuildFile; fileRef = 941E933F0DDF0B2600621981 /* ship.cpp */; };
		941E93850DDF0B2600621981 /* SlipZone.cpp in Sources */ = {isa = PBXBuildFile; fileRef = 941E93400DDF0B2600621981 /* SlipZone.cpp */; };
		941E93860DDF0B2600621981 /* soccerGame.cpp in Sources */ = {isa = PBXBuildFile; fileRef = 941E93410DDF0B2600621981 /* soccerGame.cpp */; };
		941E93870DDF0B2600621981 /* sparkManager.cpp in Sources */ = {isa = PBXBuildFile; fileRef = 941E93420DDF0B2600621981 /* sparkManager.cpp */; };
		941E93880DDF0B2600621981 /* speedZone.cpp in Sources */ = {isa = PBXBuildFile; fileRef = 941E93430DDF0B2600621981 /* speedZone.cpp */; };
		941E93890DDF0B2600621981 /* SweptEllipsoid.cpp in Sources */ = {isa = PBXBuildFile; fileRef = 941E93440DDF0B2600621981 /* SweptEllipsoid.cpp */; };
		941E938A0DDF0B2600621981 /* teleporter.cpp in Sources */ = {isa = PBXBuildFile; fileRef = 941E93450DDF0B2600621981 /* teleporter.cpp */; };
		941E938B0DDF0B2600621981 /* textItem.cpp in Sources */ = {isa = PBXBuildFile; fileRef = 941E93460DDF0B2600621981 /* textItem.cpp */; };
		941E938C0DDF0B2600621981 /* UI.cpp in Sources */ = {isa = PBXBuildFile; fileRef = 941E93470DDF0B2600621981 /* UI.cpp */; };
		941E938D0DDF0B2600621981 /* UIChat.cpp in Sources */ = {isa = PBXBuildFile; fileRef = 941E93480DDF0B2600621981 /* UIChat.cpp */; };
		941E938E0DDF0B2600621981 /* UICredits.cpp in Sources */ = {isa = PBXBuildFile; fileRef = 941E93490DDF0B2600621981 /* UICredits.cpp */; };
		941E938F0DDF0B2600621981 /* UIDiagnostics.cpp in Sources */ = {isa = PBXBuildFile; fileRef = 941E934A0DDF0B2600621981 /* UIDiagnostics.cpp */; };
		941E93900DDF0B2600621981 /* UIEditor.cpp in Sources */ = {isa = PBXBuildFile; fileRef = 941E934B0DDF0B2600621981 /* UIEditor.cpp */; };
		941E93910DDF0B2600621981 /* UIEditorInstructions.cpp in Sources */ = {isa = PBXBuildFile; fileRef = 941E934C0DDF0B2600621981 /* UIEditorInstructions.cpp */; };
		941E93920DDF0B2600621981 /* UIErrorMessage.cpp in Sources */ = {isa = PBXBuildFile; fileRef = 941E934D0DDF0B2600621981 /* UIErrorMessage.cpp */; };
		941E93930DDF0B2600621981 /* UIGame.cpp in Sources */ = {isa = PBXBuildFile; fileRef = 941E934E0DDF0B2600621981 /* UIGame.cpp */; };
		941E93940DDF0B2600621981 /* UIGameParameters.cpp in Sources */ = {isa = PBXBuildFile; fileRef = 941E934F0DDF0B2600621981 /* UIGameParameters.cpp */; };
		941E93950DDF0B2600621981 /* UIInstructions.cpp in Sources */ = {isa = PBXBuildFile; fileRef = 941E93500DDF0B2600621981 /* UIInstructions.cpp */; };
		941E93960DDF0B2600621981 /* UIKeyDefMenu.cpp in Sources */ = {isa = PBXBuildFile; fileRef = 941E93510DDF0B2600621981 /* UIKeyDefMenu.cpp */; };
		941E93970DDF0B2600621981 /* UIMenus.cpp in Sources */ = {isa = PBXBuildFile; fileRef = 941E93520DDF0B2600621981 /* UIMenus.cpp */; };
		941E93980DDF0B2600621981 /* UIMessage.cpp in Sources */ = {isa = PBXBuildFile; fileRef = 941E93530DDF0B2600621981 /* UIMessage.cpp */; };
		941E93990DDF0B2600621981 /* UINameEntry.cpp in Sources */ = {isa = PBXBuildFile; fileRef = 941E93540DDF0B2600621981 /* UINameEntry.cpp */; };
		941E939A0DDF0B2600621981 /* UIQueryServers.cpp in Sources */ = {isa = PBXBuildFile; fileRef = 941E93550DDF0B2600621981 /* UIQueryServers.cpp */; };
		941E939B0DDF0B2600621981 /* UIRebindKeys.cpp in Sources */ = {isa = PBXBuildFile; fileRef = 941E93560DDF0B2600621981 /* UIRebindKeys.cpp */; };
		941E939C0DDF0B2600621981 /* UITeamDefMenu.cpp in Sources */ = {isa = PBXBuildFile; fileRef = 941E93570DDF0B2600621981 /* UITeamDefMenu.cpp */; };
		941E939D0DDF0B2600621981 /* UIYesNo.cpp in Sources */ = {isa = PBXBuildFile; fileRef = 941E93580DDF0B2600621981 /* UIYesNo.cpp */; };
		941E939E0DDF0B2600621981 /* voiceCodec.cpp in Sources */ = {isa = PBXBuildFile; fileRef = 941E93590DDF0B2600621981 /* voiceCodec.cpp */; };
		941E93EC0DDF0B9A00621981 /* GLUT.framework in Frameworks */ = {isa = PBXBuildFile; fileRef = 941E93E90DDF0B9A00621981 /* GLUT.framework */; };
		941E93ED0DDF0B9A00621981 /* OpenAL.framework in Frameworks */ = {isa = PBXBuildFile; fileRef = 941E93EA0DDF0B9A00621981 /* OpenAL.framework */; };
		941E93EE0DDF0B9A00621981 /* OpenGL.framework in Frameworks */ = {isa = PBXBuildFile; fileRef = 941E93EB0DDF0B9A00621981 /* OpenGL.framework */; };
		941E94E90DDF1D0C00621981 /* masterInterface.cpp in Sources */ = {isa = PBXBuildFile; fileRef = 941E94E80DDF1D0C00621981 /* masterInterface.cpp */; };
		941E94EF0DDF1D6800621981 /* IOKit.framework in Frameworks */ = {isa = PBXBuildFile; fileRef = 941E94EE0DDF1D6800621981 /* IOKit.framework */; };
		941E961C0DDF1F2800621981 /* zap_mac_icon.icns in Resources */ = {isa = PBXBuildFile; fileRef = 941E961B0DDF1F2800621981 /* zap_mac_icon.icns */; };
		943241AF0FEB086D0045A8A8 /* luaGameInfo.cpp in Sources */ = {isa = PBXBuildFile; fileRef = 943241AD0FEB086D0045A8A8 /* luaGameInfo.cpp */; };
		943241B00FEB086D0045A8A8 /* luaObject.cpp in Sources */ = {isa = PBXBuildFile; fileRef = 943241AE0FEB086D0045A8A8 /* luaObject.cpp */; };
		943241B90FEB08A40045A8A8 /* screenShooter.cpp in Sources */ = {isa = PBXBuildFile; fileRef = 943241B80FEB08A40045A8A8 /* screenShooter.cpp */; };
		943241C00FEB099B0045A8A8 /* zoneControlGame.cpp in Sources */ = {isa = PBXBuildFile; fileRef = 943241BF0FEB099B0045A8A8 /* zoneControlGame.cpp */; };
		943243F90FEB13EE0045A8A8 /* lua.framework in Frameworks */ = {isa = PBXBuildFile; fileRef = 943243F80FEB13EE0045A8A8 /* lua.framework */; };
		943243FE0FEB14300045A8A8 /* lua.framework in CopyFiles */ = {isa = PBXBuildFile; fileRef = 943243F80FEB13EE0045A8A8 /* lua.framework */; };
		94A551360DDF468100B89433 /* libtomcrypt.framework in Frameworks */ = {isa = PBXBuildFile; fileRef = 94A551350DDF468100B89433 /* libtomcrypt.framework */; };
		94A5513E0DDF46AF00B89433 /* tnl.framework in Frameworks */ = {isa = PBXBuildFile; fileRef = 94A5513D0DDF46AF00B89433 /* tnl.framework */; };
		94A5517D0DDF46EF00B89433 /* tnl.framework in CopyFiles */ = {isa = PBXBuildFile; fileRef = 94A5513D0DDF46AF00B89433 /* tnl.framework */; };
		94A5517F0DDF46EF00B89433 /* libtomcrypt.framework in CopyFiles */ = {isa = PBXBuildFile; fileRef = 94A551350DDF468100B89433 /* libtomcrypt.framework */; };
		94C1B9060F1C0BB800548B70 /* md5.cpp in Sources */ = {isa = PBXBuildFile; fileRef = 94C1B9040F1C0BB800548B70 /* md5.cpp */; };
		94C1B9070F1C0BB800548B70 /* md5wrapper.cpp in Sources */ = {isa = PBXBuildFile; fileRef = 94C1B9050F1C0BB800548B70 /* md5wrapper.cpp */; };
		94C1B90E0F1C0BFA00548B70 /* BotNavMeshZone.cpp in Sources */ = {isa = PBXBuildFile; fileRef = 94C1B90C0F1C0BFA00548B70 /* BotNavMeshZone.cpp */; };
		94C1B90F0F1C0BFA00548B70 /* robot.cpp in Sources */ = {isa = PBXBuildFile; fileRef = 94C1B90D0F1C0BFA00548B70 /* robot.cpp */; };
		94F05A90109B23210025AC28 /* luaLevelGenerator.cpp in Sources */ = {isa = PBXBuildFile; fileRef = 94F05A8E109B23210025AC28 /* luaLevelGenerator.cpp */; };
		94F05A91109B23210025AC28 /* luaUtil.cpp in Sources */ = {isa = PBXBuildFile; fileRef = 94F05A8F109B23210025AC28 /* luaUtil.cpp */; };
/* End PBXBuildFile section */

/* Begin PBXCopyFilesBuildPhase section */
		941E961A0DDF1EE500621981 /* CopyFiles */ = {
			isa = PBXCopyFilesBuildPhase;
			buildActionMask = 2147483647;
			dstPath = "";
			dstSubfolderSpec = 10;
			files = (
				9418DBBA0DFAE4D900518C14 /* ALUT.framework in CopyFiles */,
				943243FE0FEB14300045A8A8 /* lua.framework in CopyFiles */,
				94A5517D0DDF46EF00B89433 /* tnl.framework in CopyFiles */,
				94A5517F0DDF46EF00B89433 /* libtomcrypt.framework in CopyFiles */,
			);
			runOnlyForDeploymentPostprocessing = 0;
		};
/* End PBXCopyFilesBuildPhase section */

/* Begin PBXFileReference section */
		0867D6ABFE840B52C02AAC07 /* English */ = {isa = PBXFileReference; fileEncoding = 10; lastKnownFileType = text.plist.strings; name = English; path = English.lproj/InfoPlist.strings; sourceTree = "<group>"; };
		1870340FFE93FCAF11CA0CD7 /* English */ = {isa = PBXFileReference; lastKnownFileType = wrapper.nib; name = English; path = English.lproj/main.nib; sourceTree = "<group>"; };
		20286C33FDCF999611CA2CEA /* Carbon.framework */ = {isa = PBXFileReference; lastKnownFileType = wrapper.framework; name = Carbon.framework; path = /System/Library/Frameworks/Carbon.framework; sourceTree = "<absolute>"; };
		32DBCF6D0370B57F00C91783 /* Bitfighter_Prefix.pch */ = {isa = PBXFileReference; fileEncoding = 4; lastKnownFileType = sourcecode.c.h; path = Bitfighter_Prefix.pch; sourceTree = "<group>"; };
		8D0C4E960486CD37000505A6 /* Info.plist */ = {isa = PBXFileReference; fileEncoding = 4; lastKnownFileType = text.plist.xml; path = Info.plist; sourceTree = "<group>"; };
		8D0C4E970486CD37000505A6 /* Bitfighter.app */ = {isa = PBXFileReference; explicitFileType = wrapper.application; includeInIndex = 0; path = Bitfighter.app; sourceTree = BUILT_PRODUCTS_DIR; };
		9418DBB60DFAE4D300518C14 /* ALUT.framework */ = {isa = PBXFileReference; lastKnownFileType = wrapper.framework; name = ALUT.framework; path = ../openal/macosx/ALUT/build/Release/ALUT.framework; sourceTree = SOURCE_ROOT; };
		9418DBC20DFAE56700518C14 /* Directory.mm */ = {isa = PBXFileReference; fileEncoding = 4; lastKnownFileType = sourcecode.cpp.objcpp; path = Directory.mm; sourceTree = SOURCE_ROOT; };
		9418DBC40DFAE56E00518C14 /* Directory.h */ = {isa = PBXFileReference; fileEncoding = 4; lastKnownFileType = sourcecode.c.h; path = Directory.h; sourceTree = SOURCE_ROOT; };
		9418DBD10DFAE61C00518C14 /* Cocoa.framework */ = {isa = PBXFileReference; lastKnownFileType = wrapper.framework; name = Cocoa.framework; path = ../../../../../../System/Library/Frameworks/Cocoa.framework; sourceTree = SOURCE_ROOT; };
		941E93150DDF0B2600621981 /* barrier.cpp */ = {isa = PBXFileReference; fileEncoding = 4; lastKnownFileType = sourcecode.cpp.cpp; path = barrier.cpp; sourceTree = "<group>"; };
		941E93160DDF0B2600621981 /* config.cpp */ = {isa = PBXFileReference; fileEncoding = 4; lastKnownFileType = sourcecode.cpp.cpp; path = config.cpp; sourceTree = "<group>"; };
		941E93170DDF0B2600621981 /* controlObjectConnection.cpp */ = {isa = PBXFileReference; fileEncoding = 4; lastKnownFileType = sourcecode.cpp.cpp; path = controlObjectConnection.cpp; sourceTree = "<group>"; };
		941E93180DDF0B2600621981 /* CTFGame.cpp */ = {isa = PBXFileReference; fileEncoding = 4; lastKnownFileType = sourcecode.cpp.cpp; path = CTFGame.cpp; sourceTree = "<group>"; };
		941E93190DDF0B2600621981 /* engineeredObjects.cpp */ = {isa = PBXFileReference; fileEncoding = 4; lastKnownFileType = sourcecode.cpp.cpp; path = engineeredObjects.cpp; sourceTree = "<group>"; };
		941E931A0DDF0B2600621981 /* flagItem.cpp */ = {isa = PBXFileReference; fileEncoding = 4; lastKnownFileType = sourcecode.cpp.cpp; path = flagItem.cpp; sourceTree = "<group>"; };
		941E931D0DDF0B2600621981 /* game.cpp */ = {isa = PBXFileReference; fileEncoding = 4; lastKnownFileType = sourcecode.cpp.cpp; path = game.cpp; sourceTree = "<group>"; };
		941E931E0DDF0B2600621981 /* gameConnection.cpp */ = {isa = PBXFileReference; fileEncoding = 4; lastKnownFileType = sourcecode.cpp.cpp; path = gameConnection.cpp; sourceTree = "<group>"; };
		941E931F0DDF0B2600621981 /* gameItems.cpp */ = {isa = PBXFileReference; fileEncoding = 4; lastKnownFileType = sourcecode.cpp.cpp; path = gameItems.cpp; sourceTree = "<group>"; };
		941E93200DDF0B2600621981 /* gameLoader.cpp */ = {isa = PBXFileReference; fileEncoding = 4; lastKnownFileType = sourcecode.cpp.cpp; path = gameLoader.cpp; sourceTree = "<group>"; };
		941E93210DDF0B2600621981 /* gameNetInterface.cpp */ = {isa = PBXFileReference; fileEncoding = 4; lastKnownFileType = sourcecode.cpp.cpp; path = gameNetInterface.cpp; sourceTree = "<group>"; };
		941E93220DDF0B2600621981 /* gameObject.cpp */ = {isa = PBXFileReference; fileEncoding = 4; lastKnownFileType = sourcecode.cpp.cpp; path = gameObject.cpp; sourceTree = "<group>"; };
		941E93230DDF0B2600621981 /* gameObjectRender.cpp */ = {isa = PBXFileReference; fileEncoding = 4; lastKnownFileType = sourcecode.cpp.cpp; path = gameObjectRender.cpp; sourceTree = "<group>"; };
		941E93240DDF0B2600621981 /* gameType.cpp */ = {isa = PBXFileReference; fileEncoding = 4; lastKnownFileType = sourcecode.cpp.cpp; path = gameType.cpp; sourceTree = "<group>"; };
		941E93250DDF0B2600621981 /* gameWeapons.cpp */ = {isa = PBXFileReference; fileEncoding = 4; lastKnownFileType = sourcecode.cpp.cpp; path = gameWeapons.cpp; sourceTree = "<group>"; };
		941E93260DDF0B2600621981 /* goalZone.cpp */ = {isa = PBXFileReference; fileEncoding = 4; lastKnownFileType = sourcecode.cpp.cpp; path = goalZone.cpp; sourceTree = "<group>"; };
		941E93270DDF0B2600621981 /* gridDB.cpp */ = {isa = PBXFileReference; fileEncoding = 4; lastKnownFileType = sourcecode.cpp.cpp; path = gridDB.cpp; sourceTree = "<group>"; };
		941E93280DDF0B2600621981 /* gsm_decode.c */ = {isa = PBXFileReference; fileEncoding = 4; lastKnownFileType = sourcecode.c.c; path = gsm_decode.c; sourceTree = "<group>"; };
		941E93290DDF0B2600621981 /* gsm_encode.c */ = {isa = PBXFileReference; fileEncoding = 4; lastKnownFileType = sourcecode.c.c; path = gsm_encode.c; sourceTree = "<group>"; };
		941E932A0DDF0B2600621981 /* gsm_state.c */ = {isa = PBXFileReference; fileEncoding = 4; lastKnownFileType = sourcecode.c.c; path = gsm_state.c; sourceTree = "<group>"; };
		941E932B0DDF0B2600621981 /* HTFGame.cpp */ = {isa = PBXFileReference; fileEncoding = 4; lastKnownFileType = sourcecode.cpp.cpp; path = HTFGame.cpp; sourceTree = "<group>"; };
		941E932C0DDF0B2600621981 /* huntersGame.cpp */ = {isa = PBXFileReference; fileEncoding = 4; lastKnownFileType = sourcecode.cpp.cpp; path = huntersGame.cpp; sourceTree = "<group>"; };
		941E932D0DDF0B2600621981 /* IniFile.cpp */ = {isa = PBXFileReference; fileEncoding = 4; lastKnownFileType = sourcecode.cpp.cpp; path = IniFile.cpp; sourceTree = "<group>"; };
		941E932E0DDF0B2600621981 /* input.cpp */ = {isa = PBXFileReference; fileEncoding = 4; lastKnownFileType = sourcecode.cpp.cpp; path = input.cpp; sourceTree = "<group>"; };
		941E932F0DDF0B2600621981 /* item.cpp */ = {isa = PBXFileReference; fileEncoding = 4; lastKnownFileType = sourcecode.cpp.cpp; path = item.cpp; sourceTree = "<group>"; };
		941E93300DDF0B2600621981 /* keyCode.cpp */ = {isa = PBXFileReference; fileEncoding = 4; lastKnownFileType = sourcecode.cpp.cpp; path = keyCode.cpp; sourceTree = "<group>"; };
		941E93310DDF0B2600621981 /* loadoutSelect.cpp */ = {isa = PBXFileReference; fileEncoding = 4; lastKnownFileType = sourcecode.cpp.cpp; path = loadoutSelect.cpp; sourceTree = "<group>"; };
		941E93320DDF0B2600621981 /* LoadoutZone.cpp */ = {isa = PBXFileReference; fileEncoding = 4; lastKnownFileType = sourcecode.cpp.cpp; path = LoadoutZone.cpp; sourceTree = "<group>"; };
		941E93330DDF0B2600621981 /* lpc10dec.c */ = {isa = PBXFileReference; fileEncoding = 4; lastKnownFileType = sourcecode.c.c; path = lpc10dec.c; sourceTree = "<group>"; };
		941E93340DDF0B2600621981 /* lpc10enc.c */ = {isa = PBXFileReference; fileEncoding = 4; lastKnownFileType = sourcecode.c.c; path = lpc10enc.c; sourceTree = "<group>"; };
		941E93350DDF0B2600621981 /* main.cpp */ = {isa = PBXFileReference; fileEncoding = 4; lastKnownFileType = sourcecode.cpp.cpp; path = main.cpp; sourceTree = "<group>"; };
		941E93360DDF0B2600621981 /* masterConnection.cpp */ = {isa = PBXFileReference; fileEncoding = 4; lastKnownFileType = sourcecode.cpp.cpp; path = masterConnection.cpp; sourceTree = "<group>"; };
		941E93370DDF0B2600621981 /* move.cpp */ = {isa = PBXFileReference; fileEncoding = 4; lastKnownFileType = sourcecode.cpp.cpp; path = move.cpp; sourceTree = "<group>"; };
		941E93380DDF0B2600621981 /* moveObject.cpp */ = {isa = PBXFileReference; fileEncoding = 4; lastKnownFileType = sourcecode.cpp.cpp; path = moveObject.cpp; sourceTree = "<group>"; };
		941E93390DDF0B2600621981 /* osxInput.cpp */ = {isa = PBXFileReference; fileEncoding = 4; lastKnownFileType = sourcecode.cpp.cpp; path = osxInput.cpp; sourceTree = "<group>"; };
		941E933A0DDF0B2600621981 /* projectile.cpp */ = {isa = PBXFileReference; fileEncoding = 4; lastKnownFileType = sourcecode.cpp.cpp; path = projectile.cpp; sourceTree = "<group>"; };
		941E933B0DDF0B2600621981 /* quickChat.cpp */ = {isa = PBXFileReference; fileEncoding = 4; lastKnownFileType = sourcecode.cpp.cpp; path = quickChat.cpp; sourceTree = "<group>"; };
		941E933C0DDF0B2600621981 /* rabbitGame.cpp */ = {isa = PBXFileReference; fileEncoding = 4; lastKnownFileType = sourcecode.cpp.cpp; path = rabbitGame.cpp; sourceTree = "<group>"; };
		941E933D0DDF0B2600621981 /* retrieveGame.cpp */ = {isa = PBXFileReference; fileEncoding = 4; lastKnownFileType = sourcecode.cpp.cpp; path = retrieveGame.cpp; sourceTree = "<group>"; };
		941E933E0DDF0B2600621981 /* sfx.cpp */ = {isa = PBXFileReference; fileEncoding = 4; lastKnownFileType = sourcecode.cpp.cpp; path = sfx.cpp; sourceTree = "<group>"; };
		941E933F0DDF0B2600621981 /* ship.cpp */ = {isa = PBXFileReference; fileEncoding = 4; lastKnownFileType = sourcecode.cpp.cpp; path = ship.cpp; sourceTree = "<group>"; };
		941E93400DDF0B2600621981 /* SlipZone.cpp */ = {isa = PBXFileReference; fileEncoding = 4; lastKnownFileType = sourcecode.cpp.cpp; path = SlipZone.cpp; sourceTree = "<group>"; };
		941E93410DDF0B2600621981 /* soccerGame.cpp */ = {isa = PBXFileReference; fileEncoding = 4; lastKnownFileType = sourcecode.cpp.cpp; path = soccerGame.cpp; sourceTree = "<group>"; };
		941E93420DDF0B2600621981 /* sparkManager.cpp */ = {isa = PBXFileReference; fileEncoding = 4; lastKnownFileType = sourcecode.cpp.cpp; path = sparkManager.cpp; sourceTree = "<group>"; };
		941E93430DDF0B2600621981 /* speedZone.cpp */ = {isa = PBXFileReference; fileEncoding = 4; lastKnownFileType = sourcecode.cpp.cpp; path = speedZone.cpp; sourceTree = "<group>"; };
		941E93440DDF0B2600621981 /* SweptEllipsoid.cpp */ = {isa = PBXFileReference; fileEncoding = 4; lastKnownFileType = sourcecode.cpp.cpp; path = SweptEllipsoid.cpp; sourceTree = "<group>"; };
		941E93450DDF0B2600621981 /* teleporter.cpp */ = {isa = PBXFileReference; fileEncoding = 4; lastKnownFileType = sourcecode.cpp.cpp; path = teleporter.cpp; sourceTree = "<group>"; };
		941E93460DDF0B2600621981 /* textItem.cpp */ = {isa = PBXFileReference; fileEncoding = 4; lastKnownFileType = sourcecode.cpp.cpp; path = textItem.cpp; sourceTree = "<group>"; };
		941E93470DDF0B2600621981 /* UI.cpp */ = {isa = PBXFileReference; fileEncoding = 4; lastKnownFileType = sourcecode.cpp.cpp; path = UI.cpp; sourceTree = "<group>"; };
		941E93480DDF0B2600621981 /* UIChat.cpp */ = {isa = PBXFileReference; fileEncoding = 4; lastKnownFileType = sourcecode.cpp.cpp; path = UIChat.cpp; sourceTree = "<group>"; };
		941E93490DDF0B2600621981 /* UICredits.cpp */ = {isa = PBXFileReference; fileEncoding = 4; lastKnownFileType = sourcecode.cpp.cpp; path = UICredits.cpp; sourceTree = "<group>"; };
		941E934A0DDF0B2600621981 /* UIDiagnostics.cpp */ = {isa = PBXFileReference; fileEncoding = 4; lastKnownFileType = sourcecode.cpp.cpp; path = UIDiagnostics.cpp; sourceTree = "<group>"; };
		941E934B0DDF0B2600621981 /* UIEditor.cpp */ = {isa = PBXFileReference; fileEncoding = 4; lastKnownFileType = sourcecode.cpp.cpp; path = UIEditor.cpp; sourceTree = "<group>"; };
		941E934C0DDF0B2600621981 /* UIEditorInstructions.cpp */ = {isa = PBXFileReference; fileEncoding = 4; lastKnownFileType = sourcecode.cpp.cpp; path = UIEditorInstructions.cpp; sourceTree = "<group>"; };
		941E934D0DDF0B2600621981 /* UIErrorMessage.cpp */ = {isa = PBXFileReference; fileEncoding = 4; lastKnownFileType = sourcecode.cpp.cpp; path = UIErrorMessage.cpp; sourceTree = "<group>"; };
		941E934E0DDF0B2600621981 /* UIGame.cpp */ = {isa = PBXFileReference; fileEncoding = 4; lastKnownFileType = sourcecode.cpp.cpp; path = UIGame.cpp; sourceTree = "<group>"; };
		941E934F0DDF0B2600621981 /* UIGameParameters.cpp */ = {isa = PBXFileReference; fileEncoding = 4; lastKnownFileType = sourcecode.cpp.cpp; path = UIGameParameters.cpp; sourceTree = "<group>"; };
		941E93500DDF0B2600621981 /* UIInstructions.cpp */ = {isa = PBXFileReference; fileEncoding = 4; lastKnownFileType = sourcecode.cpp.cpp; path = UIInstructions.cpp; sourceTree = "<group>"; };
		941E93510DDF0B2600621981 /* UIKeyDefMenu.cpp */ = {isa = PBXFileReference; fileEncoding = 4; lastKnownFileType = sourcecode.cpp.cpp; path = UIKeyDefMenu.cpp; sourceTree = "<group>"; };
		941E93520DDF0B2600621981 /* UIMenus.cpp */ = {isa = PBXFileReference; fileEncoding = 4; lastKnownFileType = sourcecode.cpp.cpp; path = UIMenus.cpp; sourceTree = "<group>"; };
		941E93530DDF0B2600621981 /* UIMessage.cpp */ = {isa = PBXFileReference; fileEncoding = 4; lastKnownFileType = sourcecode.cpp.cpp; path = UIMessage.cpp; sourceTree = "<group>"; };
		941E93540DDF0B2600621981 /* UINameEntry.cpp */ = {isa = PBXFileReference; fileEncoding = 4; lastKnownFileType = sourcecode.cpp.cpp; path = UINameEntry.cpp; sourceTree = "<group>"; };
		941E93550DDF0B2600621981 /* UIQueryServers.cpp */ = {isa = PBXFileReference; fileEncoding = 4; lastKnownFileType = sourcecode.cpp.cpp; path = UIQueryServers.cpp; sourceTree = "<group>"; };
		941E93560DDF0B2600621981 /* UIRebindKeys.cpp */ = {isa = PBXFileReference; fileEncoding = 4; lastKnownFileType = sourcecode.cpp.cpp; path = UIRebindKeys.cpp; sourceTree = "<group>"; };
		941E93570DDF0B2600621981 /* UITeamDefMenu.cpp */ = {isa = PBXFileReference; fileEncoding = 4; lastKnownFileType = sourcecode.cpp.cpp; path = UITeamDefMenu.cpp; sourceTree = "<group>"; };
		941E93580DDF0B2600621981 /* UIYesNo.cpp */ = {isa = PBXFileReference; fileEncoding = 4; lastKnownFileType = sourcecode.cpp.cpp; path = UIYesNo.cpp; sourceTree = "<group>"; };
		941E93590DDF0B2600621981 /* voiceCodec.cpp */ = {isa = PBXFileReference; fileEncoding = 4; lastKnownFileType = sourcecode.cpp.cpp; path = voiceCodec.cpp; sourceTree = "<group>"; };
		941E939F0DDF0B5F00621981 /* barrier.h */ = {isa = PBXFileReference; fileEncoding = 4; lastKnownFileType = sourcecode.c.h; path = barrier.h; sourceTree = "<group>"; };
		941E93A00DDF0B5F00621981 /* config.h */ = {isa = PBXFileReference; fileEncoding = 4; lastKnownFileType = sourcecode.c.h; path = config.h; sourceTree = "<group>"; };
		941E93A10DDF0B5F00621981 /* controlObjectConnection.h */ = {isa = PBXFileReference; fileEncoding = 4; lastKnownFileType = sourcecode.c.h; path = controlObjectConnection.h; sourceTree = "<group>"; };
		941E93A20DDF0B5F00621981 /* CTFGame.h */ = {isa = PBXFileReference; fileEncoding = 4; lastKnownFileType = sourcecode.c.h; path = CTFGame.h; sourceTree = "<group>"; };
		941E93A30DDF0B5F00621981 /* dirent.h */ = {isa = PBXFileReference; fileEncoding = 4; lastKnownFileType = sourcecode.c.h; path = dirent.h; sourceTree = "<group>"; };
		941E93A40DDF0B5F00621981 /* engineeredObjects.h */ = {isa = PBXFileReference; fileEncoding = 4; lastKnownFileType = sourcecode.c.h; path = engineeredObjects.h; sourceTree = "<group>"; };
		941E93A50DDF0B5F00621981 /* flagItem.h */ = {isa = PBXFileReference; fileEncoding = 4; lastKnownFileType = sourcecode.c.h; path = flagItem.h; sourceTree = "<group>"; };
		941E93A60DDF0B5F00621981 /* ftol.h */ = {isa = PBXFileReference; fileEncoding = 4; lastKnownFileType = sourcecode.c.h; path = ftol.h; sourceTree = "<group>"; };
		941E93A70DDF0B5F00621981 /* game.h */ = {isa = PBXFileReference; fileEncoding = 4; lastKnownFileType = sourcecode.c.h; path = game.h; sourceTree = "<group>"; };
		941E93A80DDF0B5F00621981 /* gameConnection.h */ = {isa = PBXFileReference; fileEncoding = 4; lastKnownFileType = sourcecode.c.h; path = gameConnection.h; sourceTree = "<group>"; };
		941E93A90DDF0B5F00621981 /* gameLoader.h */ = {isa = PBXFileReference; fileEncoding = 4; lastKnownFileType = sourcecode.c.h; path = gameLoader.h; sourceTree = "<group>"; };
		941E93AA0DDF0B5F00621981 /* gameNetInterface.h */ = {isa = PBXFileReference; fileEncoding = 4; lastKnownFileType = sourcecode.c.h; path = gameNetInterface.h; sourceTree = "<group>"; };
		941E93AB0DDF0B5F00621981 /* gameObject.h */ = {isa = PBXFileReference; fileEncoding = 4; lastKnownFileType = sourcecode.c.h; path = gameObject.h; sourceTree = "<group>"; };
		941E93AC0DDF0B5F00621981 /* gameObjectRender.h */ = {isa = PBXFileReference; fileEncoding = 4; lastKnownFileType = sourcecode.c.h; path = gameObjectRender.h; sourceTree = "<group>"; };
		941E93AD0DDF0B5F00621981 /* gameType.h */ = {isa = PBXFileReference; fileEncoding = 4; lastKnownFileType = sourcecode.c.h; path = gameType.h; sourceTree = "<group>"; };
		941E93AE0DDF0B5F00621981 /* gameWeapons.h */ = {isa = PBXFileReference; fileEncoding = 4; lastKnownFileType = sourcecode.c.h; path = gameWeapons.h; sourceTree = "<group>"; };
		941E93AF0DDF0B5F00621981 /* goalZone.h */ = {isa = PBXFileReference; fileEncoding = 4; lastKnownFileType = sourcecode.c.h; path = goalZone.h; sourceTree = "<group>"; };
		941E93B00DDF0B5F00621981 /* gridDB.h */ = {isa = PBXFileReference; fileEncoding = 4; lastKnownFileType = sourcecode.c.h; path = gridDB.h; sourceTree = "<group>"; };
		941E93B10DDF0B5F00621981 /* gsm.h */ = {isa = PBXFileReference; fileEncoding = 4; lastKnownFileType = sourcecode.c.h; path = gsm.h; sourceTree = "<group>"; };
		941E93B20DDF0B5F00621981 /* huntersGame.h */ = {isa = PBXFileReference; fileEncoding = 4; lastKnownFileType = sourcecode.c.h; path = huntersGame.h; sourceTree = "<group>"; };
		941E93B30DDF0B5F00621981 /* IniFile.h */ = {isa = PBXFileReference; fileEncoding = 4; lastKnownFileType = sourcecode.c.h; path = IniFile.h; sourceTree = "<group>"; };
		941E93B40DDF0B5F00621981 /* input.h */ = {isa = PBXFileReference; fileEncoding = 4; lastKnownFileType = sourcecode.c.h; path = input.h; sourceTree = "<group>"; };
		941E93B50DDF0B5F00621981 /* item.h */ = {isa = PBXFileReference; fileEncoding = 4; lastKnownFileType = sourcecode.c.h; path = item.h; sourceTree = "<group>"; };
		941E93B60DDF0B5F00621981 /* keyCode.h */ = {isa = PBXFileReference; fileEncoding = 4; lastKnownFileType = sourcecode.c.h; path = keyCode.h; sourceTree = "<group>"; };
		941E93B70DDF0B5F00621981 /* loadoutSelect.h */ = {isa = PBXFileReference; fileEncoding = 4; lastKnownFileType = sourcecode.c.h; path = loadoutSelect.h; sourceTree = "<group>"; };
		941E93B80DDF0B5F00621981 /* lpc10.h */ = {isa = PBXFileReference; fileEncoding = 4; lastKnownFileType = sourcecode.c.h; path = lpc10.h; sourceTree = "<group>"; };
		941E93B90DDF0B5F00621981 /* masterConnection.h */ = {isa = PBXFileReference; fileEncoding = 4; lastKnownFileType = sourcecode.c.h; path = masterConnection.h; sourceTree = "<group>"; };
		941E93BA0DDF0B5F00621981 /* move.h */ = {isa = PBXFileReference; fileEncoding = 4; lastKnownFileType = sourcecode.c.h; path = move.h; sourceTree = "<group>"; };
		941E93BB0DDF0B5F00621981 /* moveObject.h */ = {isa = PBXFileReference; fileEncoding = 4; lastKnownFileType = sourcecode.c.h; path = moveObject.h; sourceTree = "<group>"; };
		941E93BC0DDF0B5F00621981 /* point.h */ = {isa = PBXFileReference; fileEncoding = 4; lastKnownFileType = sourcecode.c.h; path = point.h; sourceTree = "<group>"; };
		941E93BD0DDF0B5F00621981 /* private.h */ = {isa = PBXFileReference; fileEncoding = 4; lastKnownFileType = sourcecode.c.h; path = private.h; sourceTree = "<group>"; };
		941E93BE0DDF0B5F00621981 /* projectile.h */ = {isa = PBXFileReference; fileEncoding = 4; lastKnownFileType = sourcecode.c.h; path = projectile.h; sourceTree = "<group>"; };
		941E93BF0DDF0B5F00621981 /* quickChat.h */ = {isa = PBXFileReference; fileEncoding = 4; lastKnownFileType = sourcecode.c.h; path = quickChat.h; sourceTree = "<group>"; };
		941E93C00DDF0B5F00621981 /* rabbitGame.h */ = {isa = PBXFileReference; fileEncoding = 4; lastKnownFileType = sourcecode.c.h; path = rabbitGame.h; sourceTree = "<group>"; };
		941E93C10DDF0B5F00621981 /* resource.h */ = {isa = PBXFileReference; fileEncoding = 4; lastKnownFileType = sourcecode.c.h; path = resource.h; sourceTree = "<group>"; };
		941E93C20DDF0B5F00621981 /* sfx.h */ = {isa = PBXFileReference; fileEncoding = 4; lastKnownFileType = sourcecode.c.h; path = sfx.h; sourceTree = "<group>"; };
		941E93C30DDF0B5F00621981 /* SharedConstants.h */ = {isa = PBXFileReference; fileEncoding = 4; lastKnownFileType = sourcecode.c.h; path = SharedConstants.h; sourceTree = "<group>"; };
		941E93C40DDF0B5F00621981 /* ship.h */ = {isa = PBXFileReference; fileEncoding = 4; lastKnownFileType = sourcecode.c.h; path = ship.h; sourceTree = "<group>"; };
		941E93C50DDF0B5F00621981 /* shipItems.h */ = {isa = PBXFileReference; fileEncoding = 4; lastKnownFileType = sourcecode.c.h; path = shipItems.h; sourceTree = "<group>"; };
		941E93C60DDF0B5F00621981 /* soccerGame.h */ = {isa = PBXFileReference; fileEncoding = 4; lastKnownFileType = sourcecode.c.h; path = soccerGame.h; sourceTree = "<group>"; };
		941E93C70DDF0B5F00621981 /* sparkManager.h */ = {isa = PBXFileReference; fileEncoding = 4; lastKnownFileType = sourcecode.c.h; path = sparkManager.h; sourceTree = "<group>"; };
		941E93C80DDF0B5F00621981 /* speedZone.h */ = {isa = PBXFileReference; fileEncoding = 4; lastKnownFileType = sourcecode.c.h; path = speedZone.h; sourceTree = "<group>"; };
		941E93C90DDF0B5F00621981 /* SweptEllipsoid.h */ = {isa = PBXFileReference; fileEncoding = 4; lastKnownFileType = sourcecode.c.h; path = SweptEllipsoid.h; sourceTree = "<group>"; };
		941E93CA0DDF0B5F00621981 /* teleporter.h */ = {isa = PBXFileReference; fileEncoding = 4; lastKnownFileType = sourcecode.c.h; path = teleporter.h; sourceTree = "<group>"; };
		941E93CB0DDF0B5F00621981 /* textItem.h */ = {isa = PBXFileReference; fileEncoding = 4; lastKnownFileType = sourcecode.c.h; path = textItem.h; sourceTree = "<group>"; };
		941E93CC0DDF0B5F00621981 /* timer.h */ = {isa = PBXFileReference; fileEncoding = 4; lastKnownFileType = sourcecode.c.h; path = timer.h; sourceTree = "<group>"; };
		941E93CD0DDF0B5F00621981 /* UI.h */ = {isa = PBXFileReference; fileEncoding = 4; lastKnownFileType = sourcecode.c.h; path = UI.h; sourceTree = "<group>"; };
		941E93CE0DDF0B5F00621981 /* UIChat.h */ = {isa = PBXFileReference; fileEncoding = 4; lastKnownFileType = sourcecode.c.h; path = UIChat.h; sourceTree = "<group>"; };
		941E93CF0DDF0B5F00621981 /* UICredits.h */ = {isa = PBXFileReference; fileEncoding = 4; lastKnownFileType = sourcecode.c.h; path = UICredits.h; sourceTree = "<group>"; };
		941E93D00DDF0B5F00621981 /* UIDiagnostics.h */ = {isa = PBXFileReference; fileEncoding = 4; lastKnownFileType = sourcecode.c.h; path = UIDiagnostics.h; sourceTree = "<group>"; };
		941E93D10DDF0B5F00621981 /* UIEditor.h */ = {isa = PBXFileReference; fileEncoding = 4; lastKnownFileType = sourcecode.c.h; path = UIEditor.h; sourceTree = "<group>"; };
		941E93D20DDF0B5F00621981 /* UIEditorInstructions.h */ = {isa = PBXFileReference; fileEncoding = 4; lastKnownFileType = sourcecode.c.h; path = UIEditorInstructions.h; sourceTree = "<group>"; };
		941E93D30DDF0B5F00621981 /* UIErrorMessage.h */ = {isa = PBXFileReference; fileEncoding = 4; lastKnownFileType = sourcecode.c.h; path = UIErrorMessage.h; sourceTree = "<group>"; };
		941E93D40DDF0B5F00621981 /* UIGame.h */ = {isa = PBXFileReference; fileEncoding = 4; lastKnownFileType = sourcecode.c.h; path = UIGame.h; sourceTree = "<group>"; };
		941E93D50DDF0B5F00621981 /* UIGameParameters.h */ = {isa = PBXFileReference; fileEncoding = 4; lastKnownFileType = sourcecode.c.h; path = UIGameParameters.h; sourceTree = "<group>"; };
		941E93D60DDF0B5F00621981 /* UIInstructions.h */ = {isa = PBXFileReference; fileEncoding = 4; lastKnownFileType = sourcecode.c.h; path = UIInstructions.h; sourceTree = "<group>"; };
		941E93D70DDF0B5F00621981 /* UIKeyDefMenu.h */ = {isa = PBXFileReference; fileEncoding = 4; lastKnownFileType = sourcecode.c.h; path = UIKeyDefMenu.h; sourceTree = "<group>"; };
		941E93D80DDF0B5F00621981 /* UIMenus.h */ = {isa = PBXFileReference; fileEncoding = 4; lastKnownFileType = sourcecode.c.h; path = UIMenus.h; sourceTree = "<group>"; };
		941E93D90DDF0B5F00621981 /* UIMessage.h */ = {isa = PBXFileReference; fileEncoding = 4; lastKnownFileType = sourcecode.c.h; path = UIMessage.h; sourceTree = "<group>"; };
		941E93DA0DDF0B5F00621981 /* UINameEntry.h */ = {isa = PBXFileReference; fileEncoding = 4; lastKnownFileType = sourcecode.c.h; path = UINameEntry.h; sourceTree = "<group>"; };
		941E93DB0DDF0B5F00621981 /* UIQueryServers.h */ = {isa = PBXFileReference; fileEncoding = 4; lastKnownFileType = sourcecode.c.h; path = UIQueryServers.h; sourceTree = "<group>"; };
		941E93DC0DDF0B5F00621981 /* UIRebindKeys.h */ = {isa = PBXFileReference; fileEncoding = 4; lastKnownFileType = sourcecode.c.h; path = UIRebindKeys.h; sourceTree = "<group>"; };
		941E93DD0DDF0B5F00621981 /* UITeamDefMenu.h */ = {isa = PBXFileReference; fileEncoding = 4; lastKnownFileType = sourcecode.c.h; path = UITeamDefMenu.h; sourceTree = "<group>"; };
		941E93DE0DDF0B5F00621981 /* UIYesNo.h */ = {isa = PBXFileReference; fileEncoding = 4; lastKnownFileType = sourcecode.c.h; path = UIYesNo.h; sourceTree = "<group>"; };
		941E93DF0DDF0B5F00621981 /* voiceCodec.h */ = {isa = PBXFileReference; fileEncoding = 4; lastKnownFileType = sourcecode.c.h; path = voiceCodec.h; sourceTree = "<group>"; };
		941E93E00DDF0B5F00621981 /* zapjournal.h */ = {isa = PBXFileReference; fileEncoding = 4; lastKnownFileType = sourcecode.c.h; path = zapjournal.h; sourceTree = "<group>"; };
		941E93E90DDF0B9A00621981 /* GLUT.framework */ = {isa = PBXFileReference; lastKnownFileType = wrapper.framework; name = GLUT.framework; path = /System/Library/Frameworks/GLUT.framework; sourceTree = "<absolute>"; };
		941E93EA0DDF0B9A00621981 /* OpenAL.framework */ = {isa = PBXFileReference; lastKnownFileType = wrapper.framework; name = OpenAL.framework; path = /System/Library/Frameworks/OpenAL.framework; sourceTree = "<absolute>"; };
		941E93EB0DDF0B9A00621981 /* OpenGL.framework */ = {isa = PBXFileReference; lastKnownFileType = wrapper.framework; name = OpenGL.framework; path = /System/Library/Frameworks/OpenGL.framework; sourceTree = "<absolute>"; };
		941E94040DDF0D4700621981 /* glutInclude.h */ = {isa = PBXFileReference; fileEncoding = 4; lastKnownFileType = sourcecode.c.h; name = glutInclude.h; path = ../glut/glutInclude.h; sourceTree = SOURCE_ROOT; };
		941E94910DDF19D200621981 /* alInclude.h */ = {isa = PBXFileReference; fileEncoding = 4; lastKnownFileType = sourcecode.c.h; name = alInclude.h; path = ../openal/alInclude.h; sourceTree = SOURCE_ROOT; };
		941E94E80DDF1D0C00621981 /* masterInterface.cpp */ = {isa = PBXFileReference; fileEncoding = 4; lastKnownFileType = sourcecode.cpp.cpp; name = masterInterface.cpp; path = ../master/masterInterface.cpp; sourceTree = SOURCE_ROOT; };
		941E94EE0DDF1D6800621981 /* IOKit.framework */ = {isa = PBXFileReference; lastKnownFileType = wrapper.framework; name = IOKit.framework; path = /System/Library/Frameworks/IOKit.framework; sourceTree = "<absolute>"; };
		941E961B0DDF1F2800621981 /* zap_mac_icon.icns */ = {isa = PBXFileReference; lastKnownFileType = image.icns; path = zap_mac_icon.icns; sourceTree = "<group>"; };
		943241AD0FEB086D0045A8A8 /* luaGameInfo.cpp */ = {isa = PBXFileReference; fileEncoding = 4; lastKnownFileType = sourcecode.cpp.cpp; path = luaGameInfo.cpp; sourceTree = "<group>"; };
		943241AE0FEB086D0045A8A8 /* luaObject.cpp */ = {isa = PBXFileReference; fileEncoding = 4; lastKnownFileType = sourcecode.cpp.cpp; path = luaObject.cpp; sourceTree = "<group>"; };
		943241B10FEB08890045A8A8 /* gameItems.h */ = {isa = PBXFileReference; fileEncoding = 4; lastKnownFileType = sourcecode.c.h; path = gameItems.h; sourceTree = "<group>"; };
		943241B20FEB08890045A8A8 /* lua.h */ = {isa = PBXFileReference; fileEncoding = 4; lastKnownFileType = sourcecode.c.h; path = lua.h; sourceTree = "<group>"; };
		943241B30FEB08890045A8A8 /* luaGameInfo.h */ = {isa = PBXFileReference; fileEncoding = 4; lastKnownFileType = sourcecode.c.h; path = luaGameInfo.h; sourceTree = "<group>"; };
		943241B40FEB08890045A8A8 /* luaObject.h */ = {isa = PBXFileReference; fileEncoding = 4; lastKnownFileType = sourcecode.c.h; path = luaObject.h; sourceTree = "<group>"; };
		943241B80FEB08A40045A8A8 /* screenShooter.cpp */ = {isa = PBXFileReference; fileEncoding = 4; lastKnownFileType = sourcecode.cpp.cpp; path = screenShooter.cpp; sourceTree = "<group>"; };
		943241BA0FEB08AF0045A8A8 /* screenShooter.h */ = {isa = PBXFileReference; fileEncoding = 4; lastKnownFileType = sourcecode.c.h; path = screenShooter.h; sourceTree = "<group>"; };
		943241BF0FEB099B0045A8A8 /* zoneControlGame.cpp */ = {isa = PBXFileReference; fileEncoding = 4; lastKnownFileType = sourcecode.cpp.cpp; path = zoneControlGame.cpp; sourceTree = "<group>"; };
		943243F80FEB13EE0045A8A8 /* lua.framework */ = {isa = PBXFileReference; lastKnownFileType = wrapper.framework; name = lua.framework; path = ../lua/lua.framework; sourceTree = SOURCE_ROOT; };
		94A551350DDF468100B89433 /* libtomcrypt.framework */ = {isa = PBXFileReference; lastKnownFileType = wrapper.framework; name = libtomcrypt.framework; path = ../libtomcrypt/build/Release/libtomcrypt.framework; sourceTree = SOURCE_ROOT; };
		94A5513D0DDF46AF00B89433 /* tnl.framework */ = {isa = PBXFileReference; lastKnownFileType = wrapper.framework; name = tnl.framework; path = ../tnl/build/Release/tnl.framework; sourceTree = SOURCE_ROOT; };
		94C1B9040F1C0BB800548B70 /* md5.cpp */ = {isa = PBXFileReference; fileEncoding = 4; lastKnownFileType = sourcecode.cpp.cpp; path = md5.cpp; sourceTree = "<group>"; };
		94C1B9050F1C0BB800548B70 /* md5wrapper.cpp */ = {isa = PBXFileReference; fileEncoding = 4; lastKnownFileType = sourcecode.cpp.cpp; path = md5wrapper.cpp; sourceTree = "<group>"; };
		94C1B9080F1C0BC900548B70 /* md5.h */ = {isa = PBXFileReference; fileEncoding = 4; lastKnownFileType = sourcecode.c.h; path = md5.h; sourceTree = "<group>"; };
		94C1B9090F1C0BC900548B70 /* md5wrapper.h */ = {isa = PBXFileReference; fileEncoding = 4; lastKnownFileType = sourcecode.c.h; path = md5wrapper.h; sourceTree = "<group>"; };
		94C1B90A0F1C0BE700548B70 /* BotNavMeshZone.h */ = {isa = PBXFileReference; fileEncoding = 4; lastKnownFileType = sourcecode.c.h; path = BotNavMeshZone.h; sourceTree = "<group>"; };
		94C1B90B0F1C0BE700548B70 /* robot.h */ = {isa = PBXFileReference; fileEncoding = 4; lastKnownFileType = sourcecode.c.h; path = robot.h; sourceTree = "<group>"; };
		94C1B90C0F1C0BFA00548B70 /* BotNavMeshZone.cpp */ = {isa = PBXFileReference; fileEncoding = 4; lastKnownFileType = sourcecode.cpp.cpp; path = BotNavMeshZone.cpp; sourceTree = "<group>"; };
		94C1B90D0F1C0BFA00548B70 /* robot.cpp */ = {isa = PBXFileReference; fileEncoding = 4; lastKnownFileType = sourcecode.cpp.cpp; path = robot.cpp; sourceTree = "<group>"; };
		94F05A8C109B23130025AC28 /* luaLevelGenerator.h */ = {isa = PBXFileReference; fileEncoding = 4; lastKnownFileType = sourcecode.c.h; path = luaLevelGenerator.h; sourceTree = "<group>"; };
		94F05A8D109B23130025AC28 /* luaUtil.h */ = {isa = PBXFileReference; fileEncoding = 4; lastKnownFileType = sourcecode.c.h; path = luaUtil.h; sourceTree = "<group>"; };
		94F05A8E109B23210025AC28 /* luaLevelGenerator.cpp */ = {isa = PBXFileReference; fileEncoding = 4; lastKnownFileType = sourcecode.cpp.cpp; path = luaLevelGenerator.cpp; sourceTree = "<group>"; };
		94F05A8F109B23210025AC28 /* luaUtil.cpp */ = {isa = PBXFileReference; fileEncoding = 4; lastKnownFileType = sourcecode.cpp.cpp; path = luaUtil.cpp; sourceTree = "<group>"; };
/* End PBXFileReference section */

/* Begin PBXFrameworksBuildPhase section */
		8D0C4E910486CD37000505A6 /* Frameworks */ = {
			isa = PBXFrameworksBuildPhase;
			buildActionMask = 2147483647;
			files = (
				8D0C4E920486CD37000505A6 /* Carbon.framework in Frameworks */,
				941E93EC0DDF0B9A00621981 /* GLUT.framework in Frameworks */,
				941E93ED0DDF0B9A00621981 /* OpenAL.framework in Frameworks */,
				941E93EE0DDF0B9A00621981 /* OpenGL.framework in Frameworks */,
				941E94EF0DDF1D6800621981 /* IOKit.framework in Frameworks */,
				94A551360DDF468100B89433 /* libtomcrypt.framework in Frameworks */,
				94A5513E0DDF46AF00B89433 /* tnl.framework in Frameworks */,
				9418DBB70DFAE4D300518C14 /* ALUT.framework in Frameworks */,
				9418DBD20DFAE61C00518C14 /* Cocoa.framework in Frameworks */,
				943243F90FEB13EE0045A8A8 /* lua.framework in Frameworks */,
			);
			runOnlyForDeploymentPostprocessing = 0;
		};
/* End PBXFrameworksBuildPhase section */

/* Begin PBXGroup section */
		195DF8CFFE9D517E11CA2CBB /* Products */ = {
			isa = PBXGroup;
			children = (
				8D0C4E970486CD37000505A6 /* Bitfighter.app */,
			);
			name = Products;
			sourceTree = "<group>";
		};
		20286C29FDCF999611CA2CEA /* Bitfighter */ = {
			isa = PBXGroup;
			children = (
				941E93120DDF0ADD00621981 /* Headers */,
				20286C2AFDCF999611CA2CEA /* Sources */,
				20286C2CFDCF999611CA2CEA /* Resources */,
				20286C32FDCF999611CA2CEA /* External Frameworks and Libraries */,
				195DF8CFFE9D517E11CA2CBB /* Products */,
			);
			name = Bitfighter;
			sourceTree = "<group>";
		};
		20286C2AFDCF999611CA2CEA /* Sources */ = {
			isa = PBXGroup;
			children = (
				94F05A8E109B23210025AC28 /* luaLevelGenerator.cpp */,
				94F05A8F109B23210025AC28 /* luaUtil.cpp */,
				943241BF0FEB099B0045A8A8 /* zoneControlGame.cpp */,
				943241B80FEB08A40045A8A8 /* screenShooter.cpp */,
				943241AD0FEB086D0045A8A8 /* luaGameInfo.cpp */,
				943241AE0FEB086D0045A8A8 /* luaObject.cpp */,
				94C1B90C0F1C0BFA00548B70 /* BotNavMeshZone.cpp */,
				94C1B90D0F1C0BFA00548B70 /* robot.cpp */,
				94C1B9040F1C0BB800548B70 /* md5.cpp */,
				94C1B9050F1C0BB800548B70 /* md5wrapper.cpp */,
				9418DBC20DFAE56700518C14 /* Directory.mm */,
				941E94E80DDF1D0C00621981 /* masterInterface.cpp */,
				941E93150DDF0B2600621981 /* barrier.cpp */,
				941E93160DDF0B2600621981 /* config.cpp */,
				941E93170DDF0B2600621981 /* controlObjectConnection.cpp */,
				941E93180DDF0B2600621981 /* CTFGame.cpp */,
				941E93190DDF0B2600621981 /* engineeredObjects.cpp */,
				941E931A0DDF0B2600621981 /* flagItem.cpp */,
				941E931D0DDF0B2600621981 /* game.cpp */,
				941E931E0DDF0B2600621981 /* gameConnection.cpp */,
				941E931F0DDF0B2600621981 /* gameItems.cpp */,
				941E93200DDF0B2600621981 /* gameLoader.cpp */,
				941E93210DDF0B2600621981 /* gameNetInterface.cpp */,
				941E93220DDF0B2600621981 /* gameObject.cpp */,
				941E93230DDF0B2600621981 /* gameObjectRender.cpp */,
				941E93240DDF0B2600621981 /* gameType.cpp */,
				941E93250DDF0B2600621981 /* gameWeapons.cpp */,
				941E93260DDF0B2600621981 /* goalZone.cpp */,
				941E93270DDF0B2600621981 /* gridDB.cpp */,
				941E93280DDF0B2600621981 /* gsm_decode.c */,
				941E93290DDF0B2600621981 /* gsm_encode.c */,
				941E932A0DDF0B2600621981 /* gsm_state.c */,
				941E932B0DDF0B2600621981 /* HTFGame.cpp */,
				941E932C0DDF0B2600621981 /* huntersGame.cpp */,
				941E932D0DDF0B2600621981 /* IniFile.cpp */,
				941E932E0DDF0B2600621981 /* input.cpp */,
				941E932F0DDF0B2600621981 /* item.cpp */,
				941E93300DDF0B2600621981 /* keyCode.cpp */,
				941E93310DDF0B2600621981 /* loadoutSelect.cpp */,
				941E93320DDF0B2600621981 /* LoadoutZone.cpp */,
				941E93330DDF0B2600621981 /* lpc10dec.c */,
				941E93340DDF0B2600621981 /* lpc10enc.c */,
				941E93350DDF0B2600621981 /* main.cpp */,
				941E93360DDF0B2600621981 /* masterConnection.cpp */,
				941E93370DDF0B2600621981 /* move.cpp */,
				941E93380DDF0B2600621981 /* moveObject.cpp */,
				941E93390DDF0B2600621981 /* osxInput.cpp */,
				941E933A0DDF0B2600621981 /* projectile.cpp */,
				941E933B0DDF0B2600621981 /* quickChat.cpp */,
				941E933C0DDF0B2600621981 /* rabbitGame.cpp */,
				941E933D0DDF0B2600621981 /* retrieveGame.cpp */,
				941E933E0DDF0B2600621981 /* sfx.cpp */,
				941E933F0DDF0B2600621981 /* ship.cpp */,
				941E93400DDF0B2600621981 /* SlipZone.cpp */,
				941E93410DDF0B2600621981 /* soccerGame.cpp */,
				941E93420DDF0B2600621981 /* sparkManager.cpp */,
				941E93430DDF0B2600621981 /* speedZone.cpp */,
				941E93440DDF0B2600621981 /* SweptEllipsoid.cpp */,
				941E93450DDF0B2600621981 /* teleporter.cpp */,
				941E93460DDF0B2600621981 /* textItem.cpp */,
				941E93470DDF0B2600621981 /* UI.cpp */,
				941E93480DDF0B2600621981 /* UIChat.cpp */,
				941E93490DDF0B2600621981 /* UICredits.cpp */,
				941E934A0DDF0B2600621981 /* UIDiagnostics.cpp */,
				941E934B0DDF0B2600621981 /* UIEditor.cpp */,
				941E934C0DDF0B2600621981 /* UIEditorInstructions.cpp */,
				941E934D0DDF0B2600621981 /* UIErrorMessage.cpp */,
				941E934E0DDF0B2600621981 /* UIGame.cpp */,
				941E934F0DDF0B2600621981 /* UIGameParameters.cpp */,
				941E93500DDF0B2600621981 /* UIInstructions.cpp */,
				941E93510DDF0B2600621981 /* UIKeyDefMenu.cpp */,
				941E93520DDF0B2600621981 /* UIMenus.cpp */,
				941E93530DDF0B2600621981 /* UIMessage.cpp */,
				941E93540DDF0B2600621981 /* UINameEntry.cpp */,
				941E93550DDF0B2600621981 /* UIQueryServers.cpp */,
				941E93560DDF0B2600621981 /* UIRebindKeys.cpp */,
				941E93570DDF0B2600621981 /* UITeamDefMenu.cpp */,
				941E93580DDF0B2600621981 /* UIYesNo.cpp */,
				941E93590DDF0B2600621981 /* voiceCodec.cpp */,
			);
			name = Sources;
			sourceTree = "<group>";
		};
		20286C2CFDCF999611CA2CEA /* Resources */ = {
			isa = PBXGroup;
			children = (
				941E961B0DDF1F2800621981 /* zap_mac_icon.icns */,
				8D0C4E960486CD37000505A6 /* Info.plist */,
				0867D6AAFE840B52C02AAC07 /* InfoPlist.strings */,
				02345980000FD03B11CA0E72 /* main.nib */,
			);
			name = Resources;
			sourceTree = "<group>";
		};
		20286C32FDCF999611CA2CEA /* External Frameworks and Libraries */ = {
			isa = PBXGroup;
			children = (
				943243F80FEB13EE0045A8A8 /* lua.framework */,
				9418DBD10DFAE61C00518C14 /* Cocoa.framework */,
				9418DBB60DFAE4D300518C14 /* ALUT.framework */,
				94A5513D0DDF46AF00B89433 /* tnl.framework */,
				94A551350DDF468100B89433 /* libtomcrypt.framework */,
				941E94EE0DDF1D6800621981 /* IOKit.framework */,
				941E93E90DDF0B9A00621981 /* GLUT.framework */,
				941E93EA0DDF0B9A00621981 /* OpenAL.framework */,
				941E93EB0DDF0B9A00621981 /* OpenGL.framework */,
				20286C33FDCF999611CA2CEA /* Carbon.framework */,
			);
			name = "External Frameworks and Libraries";
			sourceTree = "<group>";
		};
		941E93120DDF0ADD00621981 /* Headers */ = {
			isa = PBXGroup;
			children = (
				94F05A8C109B23130025AC28 /* luaLevelGenerator.h */,
				94F05A8D109B23130025AC28 /* luaUtil.h */,
				943241BA0FEB08AF0045A8A8 /* screenShooter.h */,
				943241B10FEB08890045A8A8 /* gameItems.h */,
				943241B20FEB08890045A8A8 /* lua.h */,
				943241B30FEB08890045A8A8 /* luaGameInfo.h */,
				943241B40FEB08890045A8A8 /* luaObject.h */,
				94C1B90A0F1C0BE700548B70 /* BotNavMeshZone.h */,
				94C1B90B0F1C0BE700548B70 /* robot.h */,
				94C1B9080F1C0BC900548B70 /* md5.h */,
				94C1B9090F1C0BC900548B70 /* md5wrapper.h */,
				9418DBC40DFAE56E00518C14 /* Directory.h */,
				941E94910DDF19D200621981 /* alInclude.h */,
				941E94040DDF0D4700621981 /* glutInclude.h */,
				941E939F0DDF0B5F00621981 /* barrier.h */,
				941E93A00DDF0B5F00621981 /* config.h */,
				941E93A10DDF0B5F00621981 /* controlObjectConnection.h */,
				941E93A20DDF0B5F00621981 /* CTFGame.h */,
				941E93A30DDF0B5F00621981 /* dirent.h */,
				941E93A40DDF0B5F00621981 /* engineeredObjects.h */,
				941E93A50DDF0B5F00621981 /* flagItem.h */,
				941E93A60DDF0B5F00621981 /* ftol.h */,
				941E93A70DDF0B5F00621981 /* game.h */,
				941E93A80DDF0B5F00621981 /* gameConnection.h */,
				941E93A90DDF0B5F00621981 /* gameLoader.h */,
				941E93AA0DDF0B5F00621981 /* gameNetInterface.h */,
				941E93AB0DDF0B5F00621981 /* gameObject.h */,
				941E93AC0DDF0B5F00621981 /* gameObjectRender.h */,
				941E93AD0DDF0B5F00621981 /* gameType.h */,
				941E93AE0DDF0B5F00621981 /* gameWeapons.h */,
				941E93AF0DDF0B5F00621981 /* goalZone.h */,
				941E93B00DDF0B5F00621981 /* gridDB.h */,
				941E93B10DDF0B5F00621981 /* gsm.h */,
				941E93B20DDF0B5F00621981 /* huntersGame.h */,
				941E93B30DDF0B5F00621981 /* IniFile.h */,
				941E93B40DDF0B5F00621981 /* input.h */,
				941E93B50DDF0B5F00621981 /* item.h */,
				941E93B60DDF0B5F00621981 /* keyCode.h */,
				941E93B70DDF0B5F00621981 /* loadoutSelect.h */,
				941E93B80DDF0B5F00621981 /* lpc10.h */,
				941E93B90DDF0B5F00621981 /* masterConnection.h */,
				941E93BA0DDF0B5F00621981 /* move.h */,
				941E93BB0DDF0B5F00621981 /* moveObject.h */,
				941E93BC0DDF0B5F00621981 /* point.h */,
				941E93BD0DDF0B5F00621981 /* private.h */,
				941E93BE0DDF0B5F00621981 /* projectile.h */,
				941E93BF0DDF0B5F00621981 /* quickChat.h */,
				941E93C00DDF0B5F00621981 /* rabbitGame.h */,
				941E93C10DDF0B5F00621981 /* resource.h */,
				941E93C20DDF0B5F00621981 /* sfx.h */,
				941E93C30DDF0B5F00621981 /* SharedConstants.h */,
				941E93C40DDF0B5F00621981 /* ship.h */,
				941E93C50DDF0B5F00621981 /* shipItems.h */,
				941E93C60DDF0B5F00621981 /* soccerGame.h */,
				941E93C70DDF0B5F00621981 /* sparkManager.h */,
				941E93C80DDF0B5F00621981 /* speedZone.h */,
				941E93C90DDF0B5F00621981 /* SweptEllipsoid.h */,
				941E93CA0DDF0B5F00621981 /* teleporter.h */,
				941E93CB0DDF0B5F00621981 /* textItem.h */,
				941E93CC0DDF0B5F00621981 /* timer.h */,
				941E93CD0DDF0B5F00621981 /* UI.h */,
				941E93CE0DDF0B5F00621981 /* UIChat.h */,
				941E93CF0DDF0B5F00621981 /* UICredits.h */,
				941E93D00DDF0B5F00621981 /* UIDiagnostics.h */,
				941E93D10DDF0B5F00621981 /* UIEditor.h */,
				941E93D20DDF0B5F00621981 /* UIEditorInstructions.h */,
				941E93D30DDF0B5F00621981 /* UIErrorMessage.h */,
				941E93D40DDF0B5F00621981 /* UIGame.h */,
				941E93D50DDF0B5F00621981 /* UIGameParameters.h */,
				941E93D60DDF0B5F00621981 /* UIInstructions.h */,
				941E93D70DDF0B5F00621981 /* UIKeyDefMenu.h */,
				941E93D80DDF0B5F00621981 /* UIMenus.h */,
				941E93D90DDF0B5F00621981 /* UIMessage.h */,
				941E93DA0DDF0B5F00621981 /* UINameEntry.h */,
				941E93DB0DDF0B5F00621981 /* UIQueryServers.h */,
				941E93DC0DDF0B5F00621981 /* UIRebindKeys.h */,
				941E93DD0DDF0B5F00621981 /* UITeamDefMenu.h */,
				941E93DE0DDF0B5F00621981 /* UIYesNo.h */,
				941E93DF0DDF0B5F00621981 /* voiceCodec.h */,
				941E93E00DDF0B5F00621981 /* zapjournal.h */,
				32DBCF6D0370B57F00C91783 /* Bitfighter_Prefix.pch */,
			);
			name = Headers;
			sourceTree = "<group>";
		};
/* End PBXGroup section */

/* Begin PBXNativeTarget section */
		8D0C4E890486CD37000505A6 /* Bitfighter */ = {
			isa = PBXNativeTarget;
			buildConfigurationList = C0E91AC508A95435008D54AB /* Build configuration list for PBXNativeTarget "Bitfighter" */;
			buildPhases = (
				8D0C4E8C0486CD37000505A6 /* Resources */,
				8D0C4E8F0486CD37000505A6 /* Sources */,
				8D0C4E910486CD37000505A6 /* Frameworks */,
				941E961A0DDF1EE500621981 /* CopyFiles */,
			);
			buildRules = (
			);
			dependencies = (
			);
			name = Bitfighter;
			productInstallPath = "$(HOME)/Applications";
			productName = Bitfighter;
			productReference = 8D0C4E970486CD37000505A6 /* Bitfighter.app */;
			productType = "com.apple.product-type.application";
		};
/* End PBXNativeTarget section */

/* Begin PBXProject section */
		20286C28FDCF999611CA2CEA /* Project object */ = {
			isa = PBXProject;
			buildConfigurationList = C0E91AC908A95435008D54AB /* Build configuration list for PBXProject "Bitfighter" */;
			compatibilityVersion = "Xcode 2.4";
			hasScannedForEncodings = 1;
			mainGroup = 20286C29FDCF999611CA2CEA /* Bitfighter */;
			projectDirPath = "";
			projectRoot = "";
			targets = (
				8D0C4E890486CD37000505A6 /* Bitfighter */,
			);
		};
/* End PBXProject section */

/* Begin PBXResourcesBuildPhase section */
		8D0C4E8C0486CD37000505A6 /* Resources */ = {
			isa = PBXResourcesBuildPhase;
			buildActionMask = 2147483647;
			files = (
				8D0C4E8D0486CD37000505A6 /* InfoPlist.strings in Resources */,
				8D0C4E8E0486CD37000505A6 /* main.nib in Resources */,
				941E961C0DDF1F2800621981 /* zap_mac_icon.icns in Resources */,
			);
			runOnlyForDeploymentPostprocessing = 0;
		};
/* End PBXResourcesBuildPhase section */

/* Begin PBXSourcesBuildPhase section */
		8D0C4E8F0486CD37000505A6 /* Sources */ = {
			isa = PBXSourcesBuildPhase;
			buildActionMask = 2147483647;
			files = (
				941E935A0DDF0B2600621981 /* barrier.cpp in Sources */,
				941E935B0DDF0B2600621981 /* config.cpp in Sources */,
				941E935C0DDF0B2600621981 /* controlObjectConnection.cpp in Sources */,
				941E935D0DDF0B2600621981 /* CTFGame.cpp in Sources */,
				941E935E0DDF0B2600621981 /* engineeredObjects.cpp in Sources */,
				941E935F0DDF0B2600621981 /* flagItem.cpp in Sources */,
				941E93620DDF0B2600621981 /* game.cpp in Sources */,
				941E93630DDF0B2600621981 /* gameConnection.cpp in Sources */,
				941E93640DDF0B2600621981 /* gameItems.cpp in Sources */,
				941E93650DDF0B2600621981 /* gameLoader.cpp in Sources */,
				941E93660DDF0B2600621981 /* gameNetInterface.cpp in Sources */,
				941E93670DDF0B2600621981 /* gameObject.cpp in Sources */,
				941E93680DDF0B2600621981 /* gameObjectRender.cpp in Sources */,
				941E93690DDF0B2600621981 /* gameType.cpp in Sources */,
				941E936A0DDF0B2600621981 /* gameWeapons.cpp in Sources */,
				941E936B0DDF0B2600621981 /* goalZone.cpp in Sources */,
				941E936C0DDF0B2600621981 /* gridDB.cpp in Sources */,
				941E936D0DDF0B2600621981 /* gsm_decode.c in Sources */,
				941E936E0DDF0B2600621981 /* gsm_encode.c in Sources */,
				941E936F0DDF0B2600621981 /* gsm_state.c in Sources */,
				941E93700DDF0B2600621981 /* HTFGame.cpp in Sources */,
				941E93710DDF0B2600621981 /* huntersGame.cpp in Sources */,
				941E93720DDF0B2600621981 /* IniFile.cpp in Sources */,
				941E93730DDF0B2600621981 /* input.cpp in Sources */,
				941E93740DDF0B2600621981 /* item.cpp in Sources */,
				941E93750DDF0B2600621981 /* keyCode.cpp in Sources */,
				941E93760DDF0B2600621981 /* loadoutSelect.cpp in Sources */,
				941E93770DDF0B2600621981 /* LoadoutZone.cpp in Sources */,
				941E93780DDF0B2600621981 /* lpc10dec.c in Sources */,
				941E93790DDF0B2600621981 /* lpc10enc.c in Sources */,
				941E937A0DDF0B2600621981 /* main.cpp in Sources */,
				941E937B0DDF0B2600621981 /* masterConnection.cpp in Sources */,
				941E937C0DDF0B2600621981 /* move.cpp in Sources */,
				941E937D0DDF0B2600621981 /* moveObject.cpp in Sources */,
				941E937E0DDF0B2600621981 /* osxInput.cpp in Sources */,
				941E937F0DDF0B2600621981 /* projectile.cpp in Sources */,
				941E93800DDF0B2600621981 /* quickChat.cpp in Sources */,
				941E93810DDF0B2600621981 /* rabbitGame.cpp in Sources */,
				941E93820DDF0B2600621981 /* retrieveGame.cpp in Sources */,
				941E93830DDF0B2600621981 /* sfx.cpp in Sources */,
				941E93840DDF0B2600621981 /* ship.cpp in Sources */,
				941E93850DDF0B2600621981 /* SlipZone.cpp in Sources */,
				941E93860DDF0B2600621981 /* soccerGame.cpp in Sources */,
				941E93870DDF0B2600621981 /* sparkManager.cpp in Sources */,
				941E93880DDF0B2600621981 /* speedZone.cpp in Sources */,
				941E93890DDF0B2600621981 /* SweptEllipsoid.cpp in Sources */,
				941E938A0DDF0B2600621981 /* teleporter.cpp in Sources */,
				941E938B0DDF0B2600621981 /* textItem.cpp in Sources */,
				941E938C0DDF0B2600621981 /* UI.cpp in Sources */,
				941E938D0DDF0B2600621981 /* UIChat.cpp in Sources */,
				941E938E0DDF0B2600621981 /* UICredits.cpp in Sources */,
				941E938F0DDF0B2600621981 /* UIDiagnostics.cpp in Sources */,
				941E93900DDF0B2600621981 /* UIEditor.cpp in Sources */,
				941E93910DDF0B2600621981 /* UIEditorInstructions.cpp in Sources */,
				941E93920DDF0B2600621981 /* UIErrorMessage.cpp in Sources */,
				941E93930DDF0B2600621981 /* UIGame.cpp in Sources */,
				941E93940DDF0B2600621981 /* UIGameParameters.cpp in Sources */,
				941E93950DDF0B2600621981 /* UIInstructions.cpp in Sources */,
				941E93960DDF0B2600621981 /* UIKeyDefMenu.cpp in Sources */,
				941E93970DDF0B2600621981 /* UIMenus.cpp in Sources */,
				941E93980DDF0B2600621981 /* UIMessage.cpp in Sources */,
				941E93990DDF0B2600621981 /* UINameEntry.cpp in Sources */,
				941E939A0DDF0B2600621981 /* UIQueryServers.cpp in Sources */,
				941E939B0DDF0B2600621981 /* UIRebindKeys.cpp in Sources */,
				941E939C0DDF0B2600621981 /* UITeamDefMenu.cpp in Sources */,
				941E939D0DDF0B2600621981 /* UIYesNo.cpp in Sources */,
				941E939E0DDF0B2600621981 /* voiceCodec.cpp in Sources */,
				941E94E90DDF1D0C00621981 /* masterInterface.cpp in Sources */,
				9418DBC30DFAE56700518C14 /* Directory.mm in Sources */,
				94C1B9060F1C0BB800548B70 /* md5.cpp in Sources */,
				94C1B9070F1C0BB800548B70 /* md5wrapper.cpp in Sources */,
				94C1B90E0F1C0BFA00548B70 /* BotNavMeshZone.cpp in Sources */,
				94C1B90F0F1C0BFA00548B70 /* robot.cpp in Sources */,
				943241AF0FEB086D0045A8A8 /* luaGameInfo.cpp in Sources */,
				943241B00FEB086D0045A8A8 /* luaObject.cpp in Sources */,
				943241B90FEB08A40045A8A8 /* screenShooter.cpp in Sources */,
				943241C00FEB099B0045A8A8 /* zoneControlGame.cpp in Sources */,
				94F05A90109B23210025AC28 /* luaLevelGenerator.cpp in Sources */,
				94F05A91109B23210025AC28 /* luaUtil.cpp in Sources */,
			);
			runOnlyForDeploymentPostprocessing = 0;
		};
/* End PBXSourcesBuildPhase section */

/* Begin PBXVariantGroup section */
		02345980000FD03B11CA0E72 /* main.nib */ = {
			isa = PBXVariantGroup;
			children = (
				1870340FFE93FCAF11CA0CD7 /* English */,
			);
			name = main.nib;
			sourceTree = "<group>";
		};
		0867D6AAFE840B52C02AAC07 /* InfoPlist.strings */ = {
			isa = PBXVariantGroup;
			children = (
				0867D6ABFE840B52C02AAC07 /* English */,
			);
			name = InfoPlist.strings;
			sourceTree = "<group>";
		};
/* End PBXVariantGroup section */

/* Begin XCBuildConfiguration section */
		C0E91AC608A95435008D54AB /* Debug */ = {
			isa = XCBuildConfiguration;
			buildSettings = {
				COPY_PHASE_STRIP = NO;
				FRAMEWORK_SEARCH_PATHS = (
					"$(inherited)",
					"$(FRAMEWORK_SEARCH_PATHS_QUOTED_FOR_TARGET_1)",
					"$(FRAMEWORK_SEARCH_PATHS_QUOTED_FOR_TARGET_2)",
					"$(FRAMEWORK_SEARCH_PATHS_QUOTED_FOR_TARGET_3)",
					"$(FRAMEWORK_SEARCH_PATHS_QUOTED_FOR_TARGET_4)",
					"$(FRAMEWORK_SEARCH_PATHS_QUOTED_FOR_TARGET_5)",
					"$(FRAMEWORK_SEARCH_PATHS_QUOTED_FOR_TARGET_6)",
				);
				FRAMEWORK_SEARCH_PATHS_QUOTED_FOR_TARGET_1 = "\"$(SRCROOT)/../tnl/build/Release\"";
				FRAMEWORK_SEARCH_PATHS_QUOTED_FOR_TARGET_2 = "\"$(SRCROOT)/../libtomcrypt/build/Release\"";
				FRAMEWORK_SEARCH_PATHS_QUOTED_FOR_TARGET_3 = "\"$(SRCROOT)/../openal/ALUT/build/Release\"";
				FRAMEWORK_SEARCH_PATHS_QUOTED_FOR_TARGET_4 = "\"$(SRCROOT)/../openal/macosx/ALUT/build/Release\"";
				FRAMEWORK_SEARCH_PATHS_QUOTED_FOR_TARGET_5 = "\"$(SRCROOT)/../lua/macosx/build/Release\"";
				FRAMEWORK_SEARCH_PATHS_QUOTED_FOR_TARGET_6 = "\"$(SRCROOT)/../lua\"";
				GCC_DYNAMIC_NO_PIC = NO;
				GCC_ENABLE_FIX_AND_CONTINUE = YES;
				GCC_MODEL_TUNING = G5;
				GCC_OPTIMIZATION_LEVEL = 0;
				GCC_PRECOMPILE_PREFIX_HEADER = YES;
				GCC_PREFIX_HEADER = Bitfighter_Prefix.pch;
				INFOPLIST_FILE = Info.plist;
				INSTALL_PATH = "$(HOME)/Applications";
				PRODUCT_NAME = Bitfighter;
				WRAPPER_EXTENSION = app;
				ZERO_LINK = YES;
			};
			name = Debug;
		};
		C0E91AC708A95435008D54AB /* Release */ = {
			isa = XCBuildConfiguration;
			buildSettings = {
				DEBUG_INFORMATION_FORMAT = "dwarf-with-dsym";
				FRAMEWORK_SEARCH_PATHS = (
					"$(inherited)",
					"$(FRAMEWORK_SEARCH_PATHS_QUOTED_FOR_TARGET_1)",
					"$(FRAMEWORK_SEARCH_PATHS_QUOTED_FOR_TARGET_2)",
					"$(FRAMEWORK_SEARCH_PATHS_QUOTED_FOR_TARGET_3)",
					"$(FRAMEWORK_SEARCH_PATHS_QUOTED_FOR_TARGET_4)",
					"$(FRAMEWORK_SEARCH_PATHS_QUOTED_FOR_TARGET_5)",
					"$(FRAMEWORK_SEARCH_PATHS_QUOTED_FOR_TARGET_6)",
				);
				FRAMEWORK_SEARCH_PATHS_QUOTED_FOR_TARGET_1 = "\"$(SRCROOT)/../tnl/build/Release\"";
				FRAMEWORK_SEARCH_PATHS_QUOTED_FOR_TARGET_2 = "\"$(SRCROOT)/../libtomcrypt/build/Release\"";
				FRAMEWORK_SEARCH_PATHS_QUOTED_FOR_TARGET_3 = "\"$(SRCROOT)/../openal/ALUT/build/Release\"";
				FRAMEWORK_SEARCH_PATHS_QUOTED_FOR_TARGET_4 = "\"$(SRCROOT)/../openal/macosx/ALUT/build/Release\"";
				FRAMEWORK_SEARCH_PATHS_QUOTED_FOR_TARGET_5 = "\"$(SRCROOT)/../lua/macosx/build/Release\"";
				FRAMEWORK_SEARCH_PATHS_QUOTED_FOR_TARGET_6 = "\"$(SRCROOT)/../lua\"";
				GCC_MODEL_TUNING = G5;
				GCC_PRECOMPILE_PREFIX_HEADER = YES;
				GCC_PREFIX_HEADER = Bitfighter_Prefix.pch;
				GCC_VERSION = 4.0;
				INFOPLIST_FILE = Info.plist;
				INSTALL_PATH = "$(HOME)/Applications";
				PRODUCT_NAME = Bitfighter;
				WRAPPER_EXTENSION = app;
			};
			name = Release;
		};
		C0E91ACA08A95435008D54AB /* Debug */ = {
			isa = XCBuildConfiguration;
			buildSettings = {
				GCC_ENABLE_OBJC_EXCEPTIONS = NO;
				GCC_FAST_OBJC_DISPATCH = NO;
				GCC_GENERATE_DEBUGGING_SYMBOLS = NO;
				GCC_PREPROCESSOR_DEFINITIONS = "";
				GCC_WARN_ABOUT_RETURN_TYPE = YES;
				GCC_WARN_ALLOW_INCOMPLETE_PROTOCOL = NO;
				GCC_WARN_UNUSED_VARIABLE = YES;
				PREBINDING = NO;
				SDKROOT = /Developer/SDKs/MacOSX10.4u.sdk;
			};
			name = Debug;
		};
		C0E91ACB08A95435008D54AB /* Release */ = {
			isa = XCBuildConfiguration;
			buildSettings = {
				ARCHS = (
					ppc,
					i386,
				);
				GCC_ENABLE_OBJC_EXCEPTIONS = NO;
				GCC_FAST_OBJC_DISPATCH = NO;
				GCC_GENERATE_DEBUGGING_SYMBOLS = NO;
				GCC_PREPROCESSOR_DEFINITIONS = "";
				GCC_WARN_ABOUT_RETURN_TYPE = YES;
				GCC_WARN_ALLOW_INCOMPLETE_PROTOCOL = NO;
				GCC_WARN_UNUSED_VARIABLE = YES;
				HEADER_SEARCH_PATHS = ../tnl;
				PREBINDING = NO;
				SDKROOT = /Developer/SDKs/MacOSX10.4u.sdk;
			};
			name = Release;
		};
/* End XCBuildConfiguration section */

/* Begin XCConfigurationList section */
		C0E91AC508A95435008D54AB /* Build configuration list for PBXNativeTarget "Bitfighter" */ = {
			isa = XCConfigurationList;
			buildConfigurations = (
				C0E91AC608A95435008D54AB /* Debug */,
				C0E91AC708A95435008D54AB /* Release */,
			);
			defaultConfigurationIsVisible = 0;
			defaultConfigurationName = Release;
		};
		C0E91AC908A95435008D54AB /* Build configuration list for PBXProject "Bitfighter" */ = {
			isa = XCConfigurationList;
			buildConfigurations = (
				C0E91ACA08A95435008D54AB /* Debug */,
				C0E91ACB08A95435008D54AB /* Release */,
			);
			defaultConfigurationIsVisible = 0;
			defaultConfigurationName = Release;
		};
/* End XCConfigurationList section */
	};
	rootObject = 20286C28FDCF999611CA2CEA /* Project object */;
}
